
Microsoft Visual Studio Solution File, Format Version 12.00
# Visual Studio 15
VisualStudioVersion = 15.0.28307.902
MinimumVisualStudioVersion = 10.0.40219.1
Project("{FAE04EC0-301F-11D3-BF4B-00C04F79EFBC}") = "PrismApp01", "PrismApp01\PrismApp01\PrismApp01.csproj", "{49FD8D05-E9E9-491E-B620-A63FF4A52705}"
EndProject
Project("{FAE04EC0-301F-11D3-BF4B-00C04F79EFBC}") = "PrismApp01.Android", "PrismApp01\PrismApp01.Android\PrismApp01.Android.csproj", "{E850798F-3B2F-4081-AD8F-67DE24B405DE}"
EndProject
Project("{FAE04EC0-301F-11D3-BF4B-00C04F79EFBC}") = "PrismApp01.iOS", "PrismApp01\PrismApp01.iOS\PrismApp01.iOS.csproj", "{E8639D73-BD06-453C-96E1-43C37EDFE6DC}"
EndProject
Project("{FAE04EC0-301F-11D3-BF4B-00C04F79EFBC}") = "PrismApp01.UWP", "PrismApp01\PrismApp01.UWP\PrismApp01.UWP.csproj", "{7AFCBEDF-2EA4-4484-87D9-3760BBA7FD5D}"
EndProject
Project("{FAE04EC0-301F-11D3-BF4B-00C04F79EFBC}") = "PrismAppModule", "PrismAppModule\PrismAppModule.csproj", "{590885D2-BF91-4897-8EA6-9C456477C19D}"
EndProject
Global
	GlobalSection(SolutionConfigurationPlatforms) = preSolution
		Ad-Hoc|Any CPU = Ad-Hoc|Any CPU
		Ad-Hoc|ARM = Ad-Hoc|ARM
		Ad-Hoc|iPhone = Ad-Hoc|iPhone
		Ad-Hoc|iPhoneSimulator = Ad-Hoc|iPhoneSimulator
		Ad-Hoc|x64 = Ad-Hoc|x64
		Ad-Hoc|x86 = Ad-Hoc|x86
		AppStore|Any CPU = AppStore|Any CPU
		AppStore|ARM = AppStore|ARM
		AppStore|iPhone = AppStore|iPhone
		AppStore|iPhoneSimulator = AppStore|iPhoneSimulator
		AppStore|x64 = AppStore|x64
		AppStore|x86 = AppStore|x86
		Debug|Any CPU = Debug|Any CPU
		Debug|ARM = Debug|ARM
		Debug|iPhone = Debug|iPhone
		Debug|iPhoneSimulator = Debug|iPhoneSimulator
		Debug|x64 = Debug|x64
		Debug|x86 = Debug|x86
		Release|Any CPU = Release|Any CPU
		Release|ARM = Release|ARM
		Release|iPhone = Release|iPhone
		Release|iPhoneSimulator = Release|iPhoneSimulator
		Release|x64 = Release|x64
		Release|x86 = Release|x86
	EndGlobalSection
	GlobalSection(ProjectConfigurationPlatforms) = postSolution
		{49FD8D05-E9E9-491E-B620-A63FF4A52705}.Ad-Hoc|Any CPU.ActiveCfg = Debug|Any CPU
		{49FD8D05-E9E9-491E-B620-A63FF4A52705}.Ad-Hoc|Any CPU.Build.0 = Debug|Any CPU
		{49FD8D05-E9E9-491E-B620-A63FF4A52705}.Ad-Hoc|ARM.ActiveCfg = Debug|Any CPU
		{49FD8D05-E9E9-491E-B620-A63FF4A52705}.Ad-Hoc|ARM.Build.0 = Debug|Any CPU
		{49FD8D05-E9E9-491E-B620-A63FF4A52705}.Ad-Hoc|iPhone.ActiveCfg = Debug|Any CPU
		{49FD8D05-E9E9-491E-B620-A63FF4A52705}.Ad-Hoc|iPhone.Build.0 = Debug|Any CPU
		{49FD8D05-E9E9-491E-B620-A63FF4A52705}.Ad-Hoc|iPhoneSimulator.ActiveCfg = Debug|Any CPU
		{49FD8D05-E9E9-491E-B620-A63FF4A52705}.Ad-Hoc|iPhoneSimulator.Build.0 = Debug|Any CPU
		{49FD8D05-E9E9-491E-B620-A63FF4A52705}.Ad-Hoc|x64.ActiveCfg = Debug|Any CPU
		{49FD8D05-E9E9-491E-B620-A63FF4A52705}.Ad-Hoc|x64.Build.0 = Debug|Any CPU
		{49FD8D05-E9E9-491E-B620-A63FF4A52705}.Ad-Hoc|x86.ActiveCfg = Debug|Any CPU
		{49FD8D05-E9E9-491E-B620-A63FF4A52705}.Ad-Hoc|x86.Build.0 = Debug|Any CPU
		{49FD8D05-E9E9-491E-B620-A63FF4A52705}.AppStore|Any CPU.ActiveCfg = Debug|Any CPU
		{49FD8D05-E9E9-491E-B620-A63FF4A52705}.AppStore|Any CPU.Build.0 = Debug|Any CPU
		{49FD8D05-E9E9-491E-B620-A63FF4A52705}.AppStore|ARM.ActiveCfg = Debug|Any CPU
		{49FD8D05-E9E9-491E-B620-A63FF4A52705}.AppStore|ARM.Build.0 = Debug|Any CPU
		{49FD8D05-E9E9-491E-B620-A63FF4A52705}.AppStore|iPhone.ActiveCfg = Debug|Any CPU
		{49FD8D05-E9E9-491E-B620-A63FF4A52705}.AppStore|iPhone.Build.0 = Debug|Any CPU
		{49FD8D05-E9E9-491E-B620-A63FF4A52705}.AppStore|iPhoneSimulator.ActiveCfg = Debug|Any CPU
		{49FD8D05-E9E9-491E-B620-A63FF4A52705}.AppStore|iPhoneSimulator.Build.0 = Debug|Any CPU
		{49FD8D05-E9E9-491E-B620-A63FF4A52705}.AppStore|x64.ActiveCfg = Debug|Any CPU
		{49FD8D05-E9E9-491E-B620-A63FF4A52705}.AppStore|x64.Build.0 = Debug|Any CPU
		{49FD8D05-E9E9-491E-B620-A63FF4A52705}.AppStore|x86.ActiveCfg = Debug|Any CPU
		{49FD8D05-E9E9-491E-B620-A63FF4A52705}.AppStore|x86.Build.0 = Debug|Any CPU
		{49FD8D05-E9E9-491E-B620-A63FF4A52705}.Debug|Any CPU.ActiveCfg = Debug|Any CPU
		{49FD8D05-E9E9-491E-B620-A63FF4A52705}.Debug|Any CPU.Build.0 = Debug|Any CPU
		{49FD8D05-E9E9-491E-B620-A63FF4A52705}.Debug|ARM.ActiveCfg = Debug|Any CPU
		{49FD8D05-E9E9-491E-B620-A63FF4A52705}.Debug|ARM.Build.0 = Debug|Any CPU
		{49FD8D05-E9E9-491E-B620-A63FF4A52705}.Debug|iPhone.ActiveCfg = Debug|Any CPU
		{49FD8D05-E9E9-491E-B620-A63FF4A52705}.Debug|iPhone.Build.0 = Debug|Any CPU
		{49FD8D05-E9E9-491E-B620-A63FF4A52705}.Debug|iPhoneSimulator.ActiveCfg = Debug|Any CPU
		{49FD8D05-E9E9-491E-B620-A63FF4A52705}.Debug|iPhoneSimulator.Build.0 = Debug|Any CPU
		{49FD8D05-E9E9-491E-B620-A63FF4A52705}.Debug|x64.ActiveCfg = Debug|Any CPU
		{49FD8D05-E9E9-491E-B620-A63FF4A52705}.Debug|x64.Build.0 = Debug|Any CPU
		{49FD8D05-E9E9-491E-B620-A63FF4A52705}.Debug|x86.ActiveCfg = Debug|Any CPU
		{49FD8D05-E9E9-491E-B620-A63FF4A52705}.Debug|x86.Build.0 = Debug|Any CPU
		{49FD8D05-E9E9-491E-B620-A63FF4A52705}.Release|Any CPU.ActiveCfg = Release|Any CPU
		{49FD8D05-E9E9-491E-B620-A63FF4A52705}.Release|Any CPU.Build.0 = Release|Any CPU
		{49FD8D05-E9E9-491E-B620-A63FF4A52705}.Release|ARM.ActiveCfg = Release|Any CPU
		{49FD8D05-E9E9-491E-B620-A63FF4A52705}.Release|ARM.Build.0 = Release|Any CPU
		{49FD8D05-E9E9-491E-B620-A63FF4A52705}.Release|iPhone.ActiveCfg = Release|Any CPU
		{49FD8D05-E9E9-491E-B620-A63FF4A52705}.Release|iPhone.Build.0 = Release|Any CPU
		{49FD8D05-E9E9-491E-B620-A63FF4A52705}.Release|iPhoneSimulator.ActiveCfg = Release|Any CPU
		{49FD8D05-E9E9-491E-B620-A63FF4A52705}.Release|iPhoneSimulator.Build.0 = Release|Any CPU
		{49FD8D05-E9E9-491E-B620-A63FF4A52705}.Release|x64.ActiveCfg = Release|Any CPU
		{49FD8D05-E9E9-491E-B620-A63FF4A52705}.Release|x64.Build.0 = Release|Any CPU
		{49FD8D05-E9E9-491E-B620-A63FF4A52705}.Release|x86.ActiveCfg = Release|Any CPU
		{49FD8D05-E9E9-491E-B620-A63FF4A52705}.Release|x86.Build.0 = Release|Any CPU
		{E850798F-3B2F-4081-AD8F-67DE24B405DE}.Ad-Hoc|Any CPU.ActiveCfg = Release|Any CPU
		{E850798F-3B2F-4081-AD8F-67DE24B405DE}.Ad-Hoc|Any CPU.Build.0 = Release|Any CPU
		{E850798F-3B2F-4081-AD8F-67DE24B405DE}.Ad-Hoc|Any CPU.Deploy.0 = Release|Any CPU
		{E850798F-3B2F-4081-AD8F-67DE24B405DE}.Ad-Hoc|ARM.ActiveCfg = Release|Any CPU
		{E850798F-3B2F-4081-AD8F-67DE24B405DE}.Ad-Hoc|ARM.Build.0 = Release|Any CPU
		{E850798F-3B2F-4081-AD8F-67DE24B405DE}.Ad-Hoc|ARM.Deploy.0 = Release|Any CPU
		{E850798F-3B2F-4081-AD8F-67DE24B405DE}.Ad-Hoc|iPhone.ActiveCfg = Release|Any CPU
		{E850798F-3B2F-4081-AD8F-67DE24B405DE}.Ad-Hoc|iPhone.Build.0 = Release|Any CPU
		{E850798F-3B2F-4081-AD8F-67DE24B405DE}.Ad-Hoc|iPhone.Deploy.0 = Release|Any CPU
		{E850798F-3B2F-4081-AD8F-67DE24B405DE}.Ad-Hoc|iPhoneSimulator.ActiveCfg = Release|Any CPU
		{E850798F-3B2F-4081-AD8F-67DE24B405DE}.Ad-Hoc|iPhoneSimulator.Build.0 = Release|Any CPU
		{E850798F-3B2F-4081-AD8F-67DE24B405DE}.Ad-Hoc|iPhoneSimulator.Deploy.0 = Release|Any CPU
		{E850798F-3B2F-4081-AD8F-67DE24B405DE}.Ad-Hoc|x64.ActiveCfg = Release|Any CPU
		{E850798F-3B2F-4081-AD8F-67DE24B405DE}.Ad-Hoc|x64.Build.0 = Release|Any CPU
		{E850798F-3B2F-4081-AD8F-67DE24B405DE}.Ad-Hoc|x64.Deploy.0 = Release|Any CPU
		{E850798F-3B2F-4081-AD8F-67DE24B405DE}.Ad-Hoc|x86.ActiveCfg = Release|Any CPU
		{E850798F-3B2F-4081-AD8F-67DE24B405DE}.Ad-Hoc|x86.Build.0 = Release|Any CPU
		{E850798F-3B2F-4081-AD8F-67DE24B405DE}.Ad-Hoc|x86.Deploy.0 = Release|Any CPU
		{E850798F-3B2F-4081-AD8F-67DE24B405DE}.AppStore|Any CPU.ActiveCfg = Release|Any CPU
		{E850798F-3B2F-4081-AD8F-67DE24B405DE}.AppStore|Any CPU.Build.0 = Release|Any CPU
		{E850798F-3B2F-4081-AD8F-67DE24B405DE}.AppStore|Any CPU.Deploy.0 = Release|Any CPU
		{E850798F-3B2F-4081-AD8F-67DE24B405DE}.AppStore|ARM.ActiveCfg = Release|Any CPU
		{E850798F-3B2F-4081-AD8F-67DE24B405DE}.AppStore|ARM.Build.0 = Release|Any CPU
		{E850798F-3B2F-4081-AD8F-67DE24B405DE}.AppStore|ARM.Deploy.0 = Release|Any CPU
		{E850798F-3B2F-4081-AD8F-67DE24B405DE}.AppStore|iPhone.ActiveCfg = Release|Any CPU
		{E850798F-3B2F-4081-AD8F-67DE24B405DE}.AppStore|iPhone.Build.0 = Release|Any CPU
		{E850798F-3B2F-4081-AD8F-67DE24B405DE}.AppStore|iPhone.Deploy.0 = Release|Any CPU
		{E850798F-3B2F-4081-AD8F-67DE24B405DE}.AppStore|iPhoneSimulator.ActiveCfg = Release|Any CPU
		{E850798F-3B2F-4081-AD8F-67DE24B405DE}.AppStore|iPhoneSimulator.Build.0 = Release|Any CPU
		{E850798F-3B2F-4081-AD8F-67DE24B405DE}.AppStore|iPhoneSimulator.Deploy.0 = Release|Any CPU
		{E850798F-3B2F-4081-AD8F-67DE24B405DE}.AppStore|x64.ActiveCfg = Release|Any CPU
		{E850798F-3B2F-4081-AD8F-67DE24B405DE}.AppStore|x64.Build.0 = Release|Any CPU
		{E850798F-3B2F-4081-AD8F-67DE24B405DE}.AppStore|x64.Deploy.0 = Release|Any CPU
		{E850798F-3B2F-4081-AD8F-67DE24B405DE}.AppStore|x86.ActiveCfg = Release|Any CPU
		{E850798F-3B2F-4081-AD8F-67DE24B405DE}.AppStore|x86.Build.0 = Release|Any CPU
		{E850798F-3B2F-4081-AD8F-67DE24B405DE}.AppStore|x86.Deploy.0 = Release|Any CPU
		{E850798F-3B2F-4081-AD8F-67DE24B405DE}.Debug|Any CPU.ActiveCfg = Debug|Any CPU
		{E850798F-3B2F-4081-AD8F-67DE24B405DE}.Debug|Any CPU.Build.0 = Debug|Any CPU
		{E850798F-3B2F-4081-AD8F-67DE24B405DE}.Debug|Any CPU.Deploy.0 = Debug|Any CPU
		{E850798F-3B2F-4081-AD8F-67DE24B405DE}.Debug|ARM.ActiveCfg = Debug|Any CPU
		{E850798F-3B2F-4081-AD8F-67DE24B405DE}.Debug|ARM.Build.0 = Debug|Any CPU
		{E850798F-3B2F-4081-AD8F-67DE24B405DE}.Debug|ARM.Deploy.0 = Debug|Any CPU
		{E850798F-3B2F-4081-AD8F-67DE24B405DE}.Debug|iPhone.ActiveCfg = Debug|Any CPU
		{E850798F-3B2F-4081-AD8F-67DE24B405DE}.Debug|iPhone.Build.0 = Debug|Any CPU
		{E850798F-3B2F-4081-AD8F-67DE24B405DE}.Debug|iPhone.Deploy.0 = Debug|Any CPU
		{E850798F-3B2F-4081-AD8F-67DE24B405DE}.Debug|iPhoneSimulator.ActiveCfg = Debug|Any CPU
		{E850798F-3B2F-4081-AD8F-67DE24B405DE}.Debug|iPhoneSimulator.Build.0 = Debug|Any CPU
		{E850798F-3B2F-4081-AD8F-67DE24B405DE}.Debug|iPhoneSimulator.Deploy.0 = Debug|Any CPU
		{E850798F-3B2F-4081-AD8F-67DE24B405DE}.Debug|x64.ActiveCfg = Debug|Any CPU
		{E850798F-3B2F-4081-AD8F-67DE24B405DE}.Debug|x64.Build.0 = Debug|Any CPU
		{E850798F-3B2F-4081-AD8F-67DE24B405DE}.Debug|x64.Deploy.0 = Debug|Any CPU
		{E850798F-3B2F-4081-AD8F-67DE24B405DE}.Debug|x86.ActiveCfg = Debug|Any CPU
		{E850798F-3B2F-4081-AD8F-67DE24B405DE}.Debug|x86.Build.0 = Debug|Any CPU
		{E850798F-3B2F-4081-AD8F-67DE24B405DE}.Debug|x86.Deploy.0 = Debug|Any CPU
		{E850798F-3B2F-4081-AD8F-67DE24B405DE}.Release|Any CPU.ActiveCfg = Release|Any CPU
		{E850798F-3B2F-4081-AD8F-67DE24B405DE}.Release|Any CPU.Build.0 = Release|Any CPU
		{E850798F-3B2F-4081-AD8F-67DE24B405DE}.Release|Any CPU.Deploy.0 = Release|Any CPU
		{E850798F-3B2F-4081-AD8F-67DE24B405DE}.Release|ARM.ActiveCfg = Release|Any CPU
		{E850798F-3B2F-4081-AD8F-67DE24B405DE}.Release|ARM.Build.0 = Release|Any CPU
		{E850798F-3B2F-4081-AD8F-67DE24B405DE}.Release|ARM.Deploy.0 = Release|Any CPU
		{E850798F-3B2F-4081-AD8F-67DE24B405DE}.Release|iPhone.ActiveCfg = Release|Any CPU
		{E850798F-3B2F-4081-AD8F-67DE24B405DE}.Release|iPhone.Build.0 = Release|Any CPU
		{E850798F-3B2F-4081-AD8F-67DE24B405DE}.Release|iPhone.Deploy.0 = Release|Any CPU
		{E850798F-3B2F-4081-AD8F-67DE24B405DE}.Release|iPhoneSimulator.ActiveCfg = Release|Any CPU
		{E850798F-3B2F-4081-AD8F-67DE24B405DE}.Release|iPhoneSimulator.Build.0 = Release|Any CPU
		{E850798F-3B2F-4081-AD8F-67DE24B405DE}.Release|iPhoneSimulator.Deploy.0 = Release|Any CPU
		{E850798F-3B2F-4081-AD8F-67DE24B405DE}.Release|x64.ActiveCfg = Release|Any CPU
		{E850798F-3B2F-4081-AD8F-67DE24B405DE}.Release|x64.Build.0 = Release|Any CPU
		{E850798F-3B2F-4081-AD8F-67DE24B405DE}.Release|x64.Deploy.0 = Release|Any CPU
		{E850798F-3B2F-4081-AD8F-67DE24B405DE}.Release|x86.ActiveCfg = Release|Any CPU
		{E850798F-3B2F-4081-AD8F-67DE24B405DE}.Release|x86.Build.0 = Release|Any CPU
		{E850798F-3B2F-4081-AD8F-67DE24B405DE}.Release|x86.Deploy.0 = Release|Any CPU
		{E8639D73-BD06-453C-96E1-43C37EDFE6DC}.Ad-Hoc|Any CPU.ActiveCfg = Ad-Hoc|iPhone
		{E8639D73-BD06-453C-96E1-43C37EDFE6DC}.Ad-Hoc|ARM.ActiveCfg = Ad-Hoc|iPhone
		{E8639D73-BD06-453C-96E1-43C37EDFE6DC}.Ad-Hoc|iPhone.ActiveCfg = Ad-Hoc|iPhone
		{E8639D73-BD06-453C-96E1-43C37EDFE6DC}.Ad-Hoc|iPhone.Build.0 = Ad-Hoc|iPhone
		{E8639D73-BD06-453C-96E1-43C37EDFE6DC}.Ad-Hoc|iPhoneSimulator.ActiveCfg = Ad-Hoc|iPhoneSimulator
		{E8639D73-BD06-453C-96E1-43C37EDFE6DC}.Ad-Hoc|iPhoneSimulator.Build.0 = Ad-Hoc|iPhoneSimulator
		{E8639D73-BD06-453C-96E1-43C37EDFE6DC}.Ad-Hoc|x64.ActiveCfg = Ad-Hoc|iPhone
		{E8639D73-BD06-453C-96E1-43C37EDFE6DC}.Ad-Hoc|x86.ActiveCfg = Ad-Hoc|iPhone
		{E8639D73-BD06-453C-96E1-43C37EDFE6DC}.AppStore|Any CPU.ActiveCfg = AppStore|iPhone
		{E8639D73-BD06-453C-96E1-43C37EDFE6DC}.AppStore|ARM.ActiveCfg = AppStore|iPhone
		{E8639D73-BD06-453C-96E1-43C37EDFE6DC}.AppStore|iPhone.ActiveCfg = AppStore|iPhone
		{E8639D73-BD06-453C-96E1-43C37EDFE6DC}.AppStore|iPhone.Build.0 = AppStore|iPhone
		{E8639D73-BD06-453C-96E1-43C37EDFE6DC}.AppStore|iPhoneSimulator.ActiveCfg = AppStore|iPhoneSimulator
		{E8639D73-BD06-453C-96E1-43C37EDFE6DC}.AppStore|iPhoneSimulator.Build.0 = AppStore|iPhoneSimulator
		{E8639D73-BD06-453C-96E1-43C37EDFE6DC}.AppStore|x64.ActiveCfg = AppStore|iPhone
		{E8639D73-BD06-453C-96E1-43C37EDFE6DC}.AppStore|x86.ActiveCfg = AppStore|iPhone
		{E8639D73-BD06-453C-96E1-43C37EDFE6DC}.Debug|Any CPU.ActiveCfg = Debug|iPhone
		{E8639D73-BD06-453C-96E1-43C37EDFE6DC}.Debug|ARM.ActiveCfg = Debug|iPhone
		{E8639D73-BD06-453C-96E1-43C37EDFE6DC}.Debug|iPhone.ActiveCfg = Debug|iPhone
		{E8639D73-BD06-453C-96E1-43C37EDFE6DC}.Debug|iPhone.Build.0 = Debug|iPhone
		{E8639D73-BD06-453C-96E1-43C37EDFE6DC}.Debug|iPhoneSimulator.ActiveCfg = Debug|iPhoneSimulator
		{E8639D73-BD06-453C-96E1-43C37EDFE6DC}.Debug|iPhoneSimulator.Build.0 = Debug|iPhoneSimulator
		{E8639D73-BD06-453C-96E1-43C37EDFE6DC}.Debug|x64.ActiveCfg = Debug|iPhone
		{E8639D73-BD06-453C-96E1-43C37EDFE6DC}.Debug|x86.ActiveCfg = Debug|iPhone
		{E8639D73-BD06-453C-96E1-43C37EDFE6DC}.Release|Any CPU.ActiveCfg = Release|iPhone
		{E8639D73-BD06-453C-96E1-43C37EDFE6DC}.Release|ARM.ActiveCfg = Release|iPhone
		{E8639D73-BD06-453C-96E1-43C37EDFE6DC}.Release|iPhone.ActiveCfg = Release|iPhone
		{E8639D73-BD06-453C-96E1-43C37EDFE6DC}.Release|iPhone.Build.0 = Release|iPhone
		{E8639D73-BD06-453C-96E1-43C37EDFE6DC}.Release|iPhoneSimulator.ActiveCfg = Release|iPhoneSimulator
		{E8639D73-BD06-453C-96E1-43C37EDFE6DC}.Release|iPhoneSimulator.Build.0 = Release|iPhoneSimulator
		{E8639D73-BD06-453C-96E1-43C37EDFE6DC}.Release|x64.ActiveCfg = Release|iPhone
		{E8639D73-BD06-453C-96E1-43C37EDFE6DC}.Release|x86.ActiveCfg = Release|iPhone
		{7AFCBEDF-2EA4-4484-87D9-3760BBA7FD5D}.Ad-Hoc|Any CPU.ActiveCfg = Release|x86
		{7AFCBEDF-2EA4-4484-87D9-3760BBA7FD5D}.Ad-Hoc|Any CPU.Build.0 = Release|x86
		{7AFCBEDF-2EA4-4484-87D9-3760BBA7FD5D}.Ad-Hoc|Any CPU.Deploy.0 = Release|x86
		{7AFCBEDF-2EA4-4484-87D9-3760BBA7FD5D}.Ad-Hoc|ARM.ActiveCfg = Release|ARM
		{7AFCBEDF-2EA4-4484-87D9-3760BBA7FD5D}.Ad-Hoc|ARM.Build.0 = Release|ARM
		{7AFCBEDF-2EA4-4484-87D9-3760BBA7FD5D}.Ad-Hoc|ARM.Deploy.0 = Release|ARM
		{7AFCBEDF-2EA4-4484-87D9-3760BBA7FD5D}.Ad-Hoc|iPhone.ActiveCfg = Release|x86
		{7AFCBEDF-2EA4-4484-87D9-3760BBA7FD5D}.Ad-Hoc|iPhone.Build.0 = Release|x86
		{7AFCBEDF-2EA4-4484-87D9-3760BBA7FD5D}.Ad-Hoc|iPhone.Deploy.0 = Release|x86
		{7AFCBEDF-2EA4-4484-87D9-3760BBA7FD5D}.Ad-Hoc|iPhoneSimulator.ActiveCfg = Release|x86
		{7AFCBEDF-2EA4-4484-87D9-3760BBA7FD5D}.Ad-Hoc|iPhoneSimulator.Build.0 = Release|x86
		{7AFCBEDF-2EA4-4484-87D9-3760BBA7FD5D}.Ad-Hoc|iPhoneSimulator.Deploy.0 = Release|x86
		{7AFCBEDF-2EA4-4484-87D9-3760BBA7FD5D}.Ad-Hoc|x64.ActiveCfg = Release|x64
		{7AFCBEDF-2EA4-4484-87D9-3760BBA7FD5D}.Ad-Hoc|x64.Build.0 = Release|x64
		{7AFCBEDF-2EA4-4484-87D9-3760BBA7FD5D}.Ad-Hoc|x64.Deploy.0 = Release|x64
		{7AFCBEDF-2EA4-4484-87D9-3760BBA7FD5D}.Ad-Hoc|x86.ActiveCfg = Release|x86
		{7AFCBEDF-2EA4-4484-87D9-3760BBA7FD5D}.Ad-Hoc|x86.Build.0 = Release|x86
		{7AFCBEDF-2EA4-4484-87D9-3760BBA7FD5D}.Ad-Hoc|x86.Deploy.0 = Release|x86
		{7AFCBEDF-2EA4-4484-87D9-3760BBA7FD5D}.AppStore|Any CPU.ActiveCfg = Release|x86
		{7AFCBEDF-2EA4-4484-87D9-3760BBA7FD5D}.AppStore|Any CPU.Build.0 = Release|x86
		{7AFCBEDF-2EA4-4484-87D9-3760BBA7FD5D}.AppStore|Any CPU.Deploy.0 = Release|x86
		{7AFCBEDF-2EA4-4484-87D9-3760BBA7FD5D}.AppStore|ARM.ActiveCfg = Release|ARM
		{7AFCBEDF-2EA4-4484-87D9-3760BBA7FD5D}.AppStore|ARM.Build.0 = Release|ARM
		{7AFCBEDF-2EA4-4484-87D9-3760BBA7FD5D}.AppStore|ARM.Deploy.0 = Release|ARM
		{7AFCBEDF-2EA4-4484-87D9-3760BBA7FD5D}.AppStore|iPhone.ActiveCfg = Release|x86
		{7AFCBEDF-2EA4-4484-87D9-3760BBA7FD5D}.AppStore|iPhone.Build.0 = Release|x86
		{7AFCBEDF-2EA4-4484-87D9-3760BBA7FD5D}.AppStore|iPhone.Deploy.0 = Release|x86
		{7AFCBEDF-2EA4-4484-87D9-3760BBA7FD5D}.AppStore|iPhoneSimulator.ActiveCfg = Release|x86
		{7AFCBEDF-2EA4-4484-87D9-3760BBA7FD5D}.AppStore|iPhoneSimulator.Build.0 = Release|x86
		{7AFCBEDF-2EA4-4484-87D9-3760BBA7FD5D}.AppStore|iPhoneSimulator.Deploy.0 = Release|x86
		{7AFCBEDF-2EA4-4484-87D9-3760BBA7FD5D}.AppStore|x64.ActiveCfg = Release|x64
		{7AFCBEDF-2EA4-4484-87D9-3760BBA7FD5D}.AppStore|x64.Build.0 = Release|x64
		{7AFCBEDF-2EA4-4484-87D9-3760BBA7FD5D}.AppStore|x64.Deploy.0 = Release|x64
		{7AFCBEDF-2EA4-4484-87D9-3760BBA7FD5D}.AppStore|x86.ActiveCfg = Release|x86
		{7AFCBEDF-2EA4-4484-87D9-3760BBA7FD5D}.AppStore|x86.Build.0 = Release|x86
		{7AFCBEDF-2EA4-4484-87D9-3760BBA7FD5D}.AppStore|x86.Deploy.0 = Release|x86
		{7AFCBEDF-2EA4-4484-87D9-3760BBA7FD5D}.Debug|Any CPU.ActiveCfg = Debug|x86
		{7AFCBEDF-2EA4-4484-87D9-3760BBA7FD5D}.Debug|ARM.ActiveCfg = Debug|ARM
		{7AFCBEDF-2EA4-4484-87D9-3760BBA7FD5D}.Debug|ARM.Build.0 = Debug|ARM
		{7AFCBEDF-2EA4-4484-87D9-3760BBA7FD5D}.Debug|ARM.Deploy.0 = Debug|ARM
		{7AFCBEDF-2EA4-4484-87D9-3760BBA7FD5D}.Debug|iPhone.ActiveCfg = Debug|x86
		{7AFCBEDF-2EA4-4484-87D9-3760BBA7FD5D}.Debug|iPhoneSimulator.ActiveCfg = Debug|x86
		{7AFCBEDF-2EA4-4484-87D9-3760BBA7FD5D}.Debug|x64.ActiveCfg = Debug|x64
		{7AFCBEDF-2EA4-4484-87D9-3760BBA7FD5D}.Debug|x64.Build.0 = Debug|x64
		{7AFCBEDF-2EA4-4484-87D9-3760BBA7FD5D}.Debug|x64.Deploy.0 = Debug|x64
		{7AFCBEDF-2EA4-4484-87D9-3760BBA7FD5D}.Debug|x86.ActiveCfg = Debug|x86
		{7AFCBEDF-2EA4-4484-87D9-3760BBA7FD5D}.Debug|x86.Build.0 = Debug|x86
		{7AFCBEDF-2EA4-4484-87D9-3760BBA7FD5D}.Debug|x86.Deploy.0 = Debug|x86
		{7AFCBEDF-2EA4-4484-87D9-3760BBA7FD5D}.Release|Any CPU.ActiveCfg = Release|x86
		{7AFCBEDF-2EA4-4484-87D9-3760BBA7FD5D}.Release|ARM.ActiveCfg = Release|ARM
		{7AFCBEDF-2EA4-4484-87D9-3760BBA7FD5D}.Release|ARM.Build.0 = Release|ARM
		{7AFCBEDF-2EA4-4484-87D9-3760BBA7FD5D}.Release|ARM.Deploy.0 = Release|ARM
		{7AFCBEDF-2EA4-4484-87D9-3760BBA7FD5D}.Release|iPhone.ActiveCfg = Release|x86
		{7AFCBEDF-2EA4-4484-87D9-3760BBA7FD5D}.Release|iPhoneSimulator.ActiveCfg = Release|x86
		{7AFCBEDF-2EA4-4484-87D9-3760BBA7FD5D}.Release|x64.ActiveCfg = Release|x64
		{7AFCBEDF-2EA4-4484-87D9-3760BBA7FD5D}.Release|x64.Build.0 = Release|x64
		{7AFCBEDF-2EA4-4484-87D9-3760BBA7FD5D}.Release|x64.Deploy.0 = Release|x64
		{7AFCBEDF-2EA4-4484-87D9-3760BBA7FD5D}.Release|x86.ActiveCfg = Release|x86
		{7AFCBEDF-2EA4-4484-87D9-3760BBA7FD5D}.Release|x86.Build.0 = Release|x86
		{7AFCBEDF-2EA4-4484-87D9-3760BBA7FD5D}.Release|x86.Deploy.0 = Release|x86
		{590885D2-BF91-4897-8EA6-9C456477C19D}.Ad-Hoc|Any CPU.ActiveCfg = Debug|Any CPU
		{590885D2-BF91-4897-8EA6-9C456477C19D}.Ad-Hoc|Any CPU.Build.0 = Debug|Any CPU
		{590885D2-BF91-4897-8EA6-9C456477C19D}.Ad-Hoc|ARM.ActiveCfg = Debug|Any CPU
		{590885D2-BF91-4897-8EA6-9C456477C19D}.Ad-Hoc|ARM.Build.0 = Debug|Any CPU
		{590885D2-BF91-4897-8EA6-9C456477C19D}.Ad-Hoc|iPhone.ActiveCfg = Debug|Any CPU
		{590885D2-BF91-4897-8EA6-9C456477C19D}.Ad-Hoc|iPhone.Build.0 = Debug|Any CPU
		{590885D2-BF91-4897-8EA6-9C456477C19D}.Ad-Hoc|iPhoneSimulator.ActiveCfg = Debug|Any CPU
		{590885D2-BF91-4897-8EA6-9C456477C19D}.Ad-Hoc|iPhoneSimulator.Build.0 = Debug|Any CPU
		{590885D2-BF91-4897-8EA6-9C456477C19D}.Ad-Hoc|x64.ActiveCfg = Debug|Any CPU
		{590885D2-BF91-4897-8EA6-9C456477C19D}.Ad-Hoc|x64.Build.0 = Debug|Any CPU
		{590885D2-BF91-4897-8EA6-9C456477C19D}.Ad-Hoc|x86.ActiveCfg = Debug|Any CPU
		{590885D2-BF91-4897-8EA6-9C456477C19D}.Ad-Hoc|x86.Build.0 = Debug|Any CPU
		{590885D2-BF91-4897-8EA6-9C456477C19D}.AppStore|Any CPU.ActiveCfg = Debug|Any CPU
		{590885D2-BF91-4897-8EA6-9C456477C19D}.AppStore|Any CPU.Build.0 = Debug|Any CPU
		{590885D2-BF91-4897-8EA6-9C456477C19D}.AppStore|ARM.ActiveCfg = Debug|Any CPU
		{590885D2-BF91-4897-8EA6-9C456477C19D}.AppStore|ARM.Build.0 = Debug|Any CPU
		{590885D2-BF91-4897-8EA6-9C456477C19D}.AppStore|iPhone.ActiveCfg = Debug|Any CPU
		{590885D2-BF91-4897-8EA6-9C456477C19D}.AppStore|iPhone.Build.0 = Debug|Any CPU
		{590885D2-BF91-4897-8EA6-9C456477C19D}.AppStore|iPhoneSimulator.ActiveCfg = Debug|Any CPU
		{590885D2-BF91-4897-8EA6-9C456477C19D}.AppStore|iPhoneSimulator.Build.0 = Debug|Any CPU
		{590885D2-BF91-4897-8EA6-9C456477C19D}.AppStore|x64.ActiveCfg = Debug|Any CPU
		{590885D2-BF91-4897-8EA6-9C456477C19D}.AppStore|x64.Build.0 = Debug|Any CPU
		{590885D2-BF91-4897-8EA6-9C456477C19D}.AppStore|x86.ActiveCfg = Debug|Any CPU
		{590885D2-BF91-4897-8EA6-9C456477C19D}.AppStore|x86.Build.0 = Debug|Any CPU
		{590885D2-BF91-4897-8EA6-9C456477C19D}.Debug|Any CPU.ActiveCfg = Debug|Any CPU
		{590885D2-BF91-4897-8EA6-9C456477C19D}.Debug|Any CPU.Build.0 = Debug|Any CPU
		{590885D2-BF91-4897-8EA6-9C456477C19D}.Debug|ARM.ActiveCfg = Debug|Any CPU
		{590885D2-BF91-4897-8EA6-9C456477C19D}.Debug|ARM.Build.0 = Debug|Any CPU
		{590885D2-BF91-4897-8EA6-9C456477C19D}.Debug|iPhone.ActiveCfg = Debug|Any CPU
		{590885D2-BF91-4897-8EA6-9C456477C19D}.Debug|iPhone.Build.0 = Debug|Any CPU
		{590885D2-BF91-4897-8EA6-9C456477C19D}.Debug|iPhoneSimulator.ActiveCfg = Debug|Any CPU
		{590885D2-BF91-4897-8EA6-9C456477C19D}.Debug|iPhoneSimulator.Build.0 = Debug|Any CPU
		{590885D2-BF91-4897-8EA6-9C456477C19D}.Debug|x64.ActiveCfg = Debug|Any CPU
		{590885D2-BF91-4897-8EA6-9C456477C19D}.Debug|x64.Build.0 = Debug|Any CPU
		{590885D2-BF91-4897-8EA6-9C456477C19D}.Debug|x86.ActiveCfg = Debug|Any CPU
		{590885D2-BF91-4897-8EA6-9C456477C19D}.Debug|x86.Build.0 = Debug|Any CPU
		{590885D2-BF91-4897-8EA6-9C456477C19D}.Release|Any CPU.ActiveCfg = Release|Any CPU
		{590885D2-BF91-4897-8EA6-9C456477C19D}.Release|Any CPU.Build.0 = Release|Any CPU
		{590885D2-BF91-4897-8EA6-9C456477C19D}.Release|ARM.ActiveCfg = Release|Any CPU
		{590885D2-BF91-4897-8EA6-9C456477C19D}.Release|ARM.Build.0 = Release|Any CPU
		{590885D2-BF91-4897-8EA6-9C456477C19D}.Release|iPhone.ActiveCfg = Release|Any CPU
		{590885D2-BF91-4897-8EA6-9C456477C19D}.Release|iPhone.Build.0 = Release|Any CPU
		{590885D2-BF91-4897-8EA6-9C456477C19D}.Release|iPhoneSimulator.ActiveCfg = Release|Any CPU
		{590885D2-BF91-4897-8EA6-9C456477C19D}.Release|iPhoneSimulator.Build.0 = Release|Any CPU
		{590885D2-BF91-4897-8EA6-9C456477C19D}.Release|x64.ActiveCfg = Release|Any CPU
		{590885D2-BF91-4897-8EA6-9C456477C19D}.Release|x64.Build.0 = Release|Any CPU
		{590885D2-BF91-4897-8EA6-9C456477C19D}.Release|x86.ActiveCfg = Release|Any CPU
		{590885D2-BF91-4897-8EA6-9C456477C19D}.Release|x86.Build.0 = Release|Any CPU
	EndGlobalSection
	GlobalSection(SolutionProperties) = preSolution
		HideSolutionNode = FALSE
	EndGlobalSection
	GlobalSection(ExtensibilityGlobals) = postSolution
		SolutionGuid = {BB95692D-5BFB-4AEC-8B5F-8316EB9EF5E2}
	EndGlobalSection
EndGlobal
