
Microsoft Visual Studio Solution File, Format Version 12.00
# Visual Studio 15
VisualStudioVersion = 15.0.28307.902
MinimumVisualStudioVersion = 10.0.40219.1
Project("{FAE04EC0-301F-11D3-BF4B-00C04F79EFBC}") = "MasterPrismApp", "MasterPrismApp\MasterPrismApp\MasterPrismApp.csproj", "{7BCAF0B2-7B72-4761-82D9-46D0059BE78D}"
EndProject
Project("{FAE04EC0-301F-11D3-BF4B-00C04F79EFBC}") = "MasterPrismApp.Android", "MasterPrismApp\MasterPrismApp.Android\MasterPrismApp.Android.csproj", "{6311D2BF-B9A6-43C7-8978-EA1C5A348CF1}"
EndProject
Project("{FAE04EC0-301F-11D3-BF4B-00C04F79EFBC}") = "MasterPrismApp.iOS", "MasterPrismApp\MasterPrismApp.iOS\MasterPrismApp.iOS.csproj", "{496989EB-33E8-4D4B-8255-4FA9D2FB2F81}"
EndProject
Project("{FAE04EC0-301F-11D3-BF4B-00C04F79EFBC}") = "MasterPrismApp.UWP", "MasterPrismApp\MasterPrismApp.UWP\MasterPrismApp.UWP.csproj", "{D3463DC0-C595-4F3D-A8DA-2EEF8E35B7D0}"
EndProject
Global
	GlobalSection(SolutionConfigurationPlatforms) = preSolution
		Ad-Hoc|Any CPU = Ad-Hoc|Any CPU
		Ad-Hoc|ARM = Ad-Hoc|ARM
		Ad-Hoc|iPhone = Ad-Hoc|iPhone
		Ad-Hoc|iPhoneSimulator = Ad-Hoc|iPhoneSimulator
		Ad-Hoc|x64 = Ad-Hoc|x64
		Ad-Hoc|x86 = Ad-Hoc|x86
		AppStore|Any CPU = AppStore|Any CPU
		AppStore|ARM = AppStore|ARM
		AppStore|iPhone = AppStore|iPhone
		AppStore|iPhoneSimulator = AppStore|iPhoneSimulator
		AppStore|x64 = AppStore|x64
		AppStore|x86 = AppStore|x86
		Debug|Any CPU = Debug|Any CPU
		Debug|ARM = Debug|ARM
		Debug|iPhone = Debug|iPhone
		Debug|iPhoneSimulator = Debug|iPhoneSimulator
		Debug|x64 = Debug|x64
		Debug|x86 = Debug|x86
		Release|Any CPU = Release|Any CPU
		Release|ARM = Release|ARM
		Release|iPhone = Release|iPhone
		Release|iPhoneSimulator = Release|iPhoneSimulator
		Release|x64 = Release|x64
		Release|x86 = Release|x86
	EndGlobalSection
	GlobalSection(ProjectConfigurationPlatforms) = postSolution
		{7BCAF0B2-7B72-4761-82D9-46D0059BE78D}.Ad-Hoc|Any CPU.ActiveCfg = Debug|Any CPU
		{7BCAF0B2-7B72-4761-82D9-46D0059BE78D}.Ad-Hoc|Any CPU.Build.0 = Debug|Any CPU
		{7BCAF0B2-7B72-4761-82D9-46D0059BE78D}.Ad-Hoc|ARM.ActiveCfg = Debug|Any CPU
		{7BCAF0B2-7B72-4761-82D9-46D0059BE78D}.Ad-Hoc|ARM.Build.0 = Debug|Any CPU
		{7BCAF0B2-7B72-4761-82D9-46D0059BE78D}.Ad-Hoc|iPhone.ActiveCfg = Debug|Any CPU
		{7BCAF0B2-7B72-4761-82D9-46D0059BE78D}.Ad-Hoc|iPhone.Build.0 = Debug|Any CPU
		{7BCAF0B2-7B72-4761-82D9-46D0059BE78D}.Ad-Hoc|iPhoneSimulator.ActiveCfg = Debug|Any CPU
		{7BCAF0B2-7B72-4761-82D9-46D0059BE78D}.Ad-Hoc|iPhoneSimulator.Build.0 = Debug|Any CPU
		{7BCAF0B2-7B72-4761-82D9-46D0059BE78D}.Ad-Hoc|x64.ActiveCfg = Debug|Any CPU
		{7BCAF0B2-7B72-4761-82D9-46D0059BE78D}.Ad-Hoc|x64.Build.0 = Debug|Any CPU
		{7BCAF0B2-7B72-4761-82D9-46D0059BE78D}.Ad-Hoc|x86.ActiveCfg = Debug|Any CPU
		{7BCAF0B2-7B72-4761-82D9-46D0059BE78D}.Ad-Hoc|x86.Build.0 = Debug|Any CPU
		{7BCAF0B2-7B72-4761-82D9-46D0059BE78D}.AppStore|Any CPU.ActiveCfg = Debug|Any CPU
		{7BCAF0B2-7B72-4761-82D9-46D0059BE78D}.AppStore|Any CPU.Build.0 = Debug|Any CPU
		{7BCAF0B2-7B72-4761-82D9-46D0059BE78D}.AppStore|ARM.ActiveCfg = Debug|Any CPU
		{7BCAF0B2-7B72-4761-82D9-46D0059BE78D}.AppStore|ARM.Build.0 = Debug|Any CPU
		{7BCAF0B2-7B72-4761-82D9-46D0059BE78D}.AppStore|iPhone.ActiveCfg = Debug|Any CPU
		{7BCAF0B2-7B72-4761-82D9-46D0059BE78D}.AppStore|iPhone.Build.0 = Debug|Any CPU
		{7BCAF0B2-7B72-4761-82D9-46D0059BE78D}.AppStore|iPhoneSimulator.ActiveCfg = Debug|Any CPU
		{7BCAF0B2-7B72-4761-82D9-46D0059BE78D}.AppStore|iPhoneSimulator.Build.0 = Debug|Any CPU
		{7BCAF0B2-7B72-4761-82D9-46D0059BE78D}.AppStore|x64.ActiveCfg = Debug|Any CPU
		{7BCAF0B2-7B72-4761-82D9-46D0059BE78D}.AppStore|x64.Build.0 = Debug|Any CPU
		{7BCAF0B2-7B72-4761-82D9-46D0059BE78D}.AppStore|x86.ActiveCfg = Debug|Any CPU
		{7BCAF0B2-7B72-4761-82D9-46D0059BE78D}.AppStore|x86.Build.0 = Debug|Any CPU
		{7BCAF0B2-7B72-4761-82D9-46D0059BE78D}.Debug|Any CPU.ActiveCfg = Debug|Any CPU
		{7BCAF0B2-7B72-4761-82D9-46D0059BE78D}.Debug|Any CPU.Build.0 = Debug|Any CPU
		{7BCAF0B2-7B72-4761-82D9-46D0059BE78D}.Debug|ARM.ActiveCfg = Debug|Any CPU
		{7BCAF0B2-7B72-4761-82D9-46D0059BE78D}.Debug|ARM.Build.0 = Debug|Any CPU
		{7BCAF0B2-7B72-4761-82D9-46D0059BE78D}.Debug|iPhone.ActiveCfg = Debug|Any CPU
		{7BCAF0B2-7B72-4761-82D9-46D0059BE78D}.Debug|iPhone.Build.0 = Debug|Any CPU
		{7BCAF0B2-7B72-4761-82D9-46D0059BE78D}.Debug|iPhoneSimulator.ActiveCfg = Debug|Any CPU
		{7BCAF0B2-7B72-4761-82D9-46D0059BE78D}.Debug|iPhoneSimulator.Build.0 = Debug|Any CPU
		{7BCAF0B2-7B72-4761-82D9-46D0059BE78D}.Debug|x64.ActiveCfg = Debug|Any CPU
		{7BCAF0B2-7B72-4761-82D9-46D0059BE78D}.Debug|x64.Build.0 = Debug|Any CPU
		{7BCAF0B2-7B72-4761-82D9-46D0059BE78D}.Debug|x86.ActiveCfg = Debug|Any CPU
		{7BCAF0B2-7B72-4761-82D9-46D0059BE78D}.Debug|x86.Build.0 = Debug|Any CPU
		{7BCAF0B2-7B72-4761-82D9-46D0059BE78D}.Release|Any CPU.ActiveCfg = Release|Any CPU
		{7BCAF0B2-7B72-4761-82D9-46D0059BE78D}.Release|Any CPU.Build.0 = Release|Any CPU
		{7BCAF0B2-7B72-4761-82D9-46D0059BE78D}.Release|ARM.ActiveCfg = Release|Any CPU
		{7BCAF0B2-7B72-4761-82D9-46D0059BE78D}.Release|ARM.Build.0 = Release|Any CPU
		{7BCAF0B2-7B72-4761-82D9-46D0059BE78D}.Release|iPhone.ActiveCfg = Release|Any CPU
		{7BCAF0B2-7B72-4761-82D9-46D0059BE78D}.Release|iPhone.Build.0 = Release|Any CPU
		{7BCAF0B2-7B72-4761-82D9-46D0059BE78D}.Release|iPhoneSimulator.ActiveCfg = Release|Any CPU
		{7BCAF0B2-7B72-4761-82D9-46D0059BE78D}.Release|iPhoneSimulator.Build.0 = Release|Any CPU
		{7BCAF0B2-7B72-4761-82D9-46D0059BE78D}.Release|x64.ActiveCfg = Release|Any CPU
		{7BCAF0B2-7B72-4761-82D9-46D0059BE78D}.Release|x64.Build.0 = Release|Any CPU
		{7BCAF0B2-7B72-4761-82D9-46D0059BE78D}.Release|x86.ActiveCfg = Release|Any CPU
		{7BCAF0B2-7B72-4761-82D9-46D0059BE78D}.Release|x86.Build.0 = Release|Any CPU
		{6311D2BF-B9A6-43C7-8978-EA1C5A348CF1}.Ad-Hoc|Any CPU.ActiveCfg = Release|Any CPU
		{6311D2BF-B9A6-43C7-8978-EA1C5A348CF1}.Ad-Hoc|Any CPU.Build.0 = Release|Any CPU
		{6311D2BF-B9A6-43C7-8978-EA1C5A348CF1}.Ad-Hoc|Any CPU.Deploy.0 = Release|Any CPU
		{6311D2BF-B9A6-43C7-8978-EA1C5A348CF1}.Ad-Hoc|ARM.ActiveCfg = Release|Any CPU
		{6311D2BF-B9A6-43C7-8978-EA1C5A348CF1}.Ad-Hoc|ARM.Build.0 = Release|Any CPU
		{6311D2BF-B9A6-43C7-8978-EA1C5A348CF1}.Ad-Hoc|ARM.Deploy.0 = Release|Any CPU
		{6311D2BF-B9A6-43C7-8978-EA1C5A348CF1}.Ad-Hoc|iPhone.ActiveCfg = Release|Any CPU
		{6311D2BF-B9A6-43C7-8978-EA1C5A348CF1}.Ad-Hoc|iPhone.Build.0 = Release|Any CPU
		{6311D2BF-B9A6-43C7-8978-EA1C5A348CF1}.Ad-Hoc|iPhone.Deploy.0 = Release|Any CPU
		{6311D2BF-B9A6-43C7-8978-EA1C5A348CF1}.Ad-Hoc|iPhoneSimulator.ActiveCfg = Release|Any CPU
		{6311D2BF-B9A6-43C7-8978-EA1C5A348CF1}.Ad-Hoc|iPhoneSimulator.Build.0 = Release|Any CPU
		{6311D2BF-B9A6-43C7-8978-EA1C5A348CF1}.Ad-Hoc|iPhoneSimulator.Deploy.0 = Release|Any CPU
		{6311D2BF-B9A6-43C7-8978-EA1C5A348CF1}.Ad-Hoc|x64.ActiveCfg = Release|Any CPU
		{6311D2BF-B9A6-43C7-8978-EA1C5A348CF1}.Ad-Hoc|x64.Build.0 = Release|Any CPU
		{6311D2BF-B9A6-43C7-8978-EA1C5A348CF1}.Ad-Hoc|x64.Deploy.0 = Release|Any CPU
		{6311D2BF-B9A6-43C7-8978-EA1C5A348CF1}.Ad-Hoc|x86.ActiveCfg = Release|Any CPU
		{6311D2BF-B9A6-43C7-8978-EA1C5A348CF1}.Ad-Hoc|x86.Build.0 = Release|Any CPU
		{6311D2BF-B9A6-43C7-8978-EA1C5A348CF1}.Ad-Hoc|x86.Deploy.0 = Release|Any CPU
		{6311D2BF-B9A6-43C7-8978-EA1C5A348CF1}.AppStore|Any CPU.ActiveCfg = Release|Any CPU
		{6311D2BF-B9A6-43C7-8978-EA1C5A348CF1}.AppStore|Any CPU.Build.0 = Release|Any CPU
		{6311D2BF-B9A6-43C7-8978-EA1C5A348CF1}.AppStore|Any CPU.Deploy.0 = Release|Any CPU
		{6311D2BF-B9A6-43C7-8978-EA1C5A348CF1}.AppStore|ARM.ActiveCfg = Release|Any CPU
		{6311D2BF-B9A6-43C7-8978-EA1C5A348CF1}.AppStore|ARM.Build.0 = Release|Any CPU
		{6311D2BF-B9A6-43C7-8978-EA1C5A348CF1}.AppStore|ARM.Deploy.0 = Release|Any CPU
		{6311D2BF-B9A6-43C7-8978-EA1C5A348CF1}.AppStore|iPhone.ActiveCfg = Release|Any CPU
		{6311D2BF-B9A6-43C7-8978-EA1C5A348CF1}.AppStore|iPhone.Build.0 = Release|Any CPU
		{6311D2BF-B9A6-43C7-8978-EA1C5A348CF1}.AppStore|iPhone.Deploy.0 = Release|Any CPU
		{6311D2BF-B9A6-43C7-8978-EA1C5A348CF1}.AppStore|iPhoneSimulator.ActiveCfg = Release|Any CPU
		{6311D2BF-B9A6-43C7-8978-EA1C5A348CF1}.AppStore|iPhoneSimulator.Build.0 = Release|Any CPU
		{6311D2BF-B9A6-43C7-8978-EA1C5A348CF1}.AppStore|iPhoneSimulator.Deploy.0 = Release|Any CPU
		{6311D2BF-B9A6-43C7-8978-EA1C5A348CF1}.AppStore|x64.ActiveCfg = Release|Any CPU
		{6311D2BF-B9A6-43C7-8978-EA1C5A348CF1}.AppStore|x64.Build.0 = Release|Any CPU
		{6311D2BF-B9A6-43C7-8978-EA1C5A348CF1}.AppStore|x64.Deploy.0 = Release|Any CPU
		{6311D2BF-B9A6-43C7-8978-EA1C5A348CF1}.AppStore|x86.ActiveCfg = Release|Any CPU
		{6311D2BF-B9A6-43C7-8978-EA1C5A348CF1}.AppStore|x86.Build.0 = Release|Any CPU
		{6311D2BF-B9A6-43C7-8978-EA1C5A348CF1}.AppStore|x86.Deploy.0 = Release|Any CPU
		{6311D2BF-B9A6-43C7-8978-EA1C5A348CF1}.Debug|Any CPU.ActiveCfg = Debug|Any CPU
		{6311D2BF-B9A6-43C7-8978-EA1C5A348CF1}.Debug|Any CPU.Build.0 = Debug|Any CPU
		{6311D2BF-B9A6-43C7-8978-EA1C5A348CF1}.Debug|Any CPU.Deploy.0 = Debug|Any CPU
		{6311D2BF-B9A6-43C7-8978-EA1C5A348CF1}.Debug|ARM.ActiveCfg = Debug|Any CPU
		{6311D2BF-B9A6-43C7-8978-EA1C5A348CF1}.Debug|ARM.Build.0 = Debug|Any CPU
		{6311D2BF-B9A6-43C7-8978-EA1C5A348CF1}.Debug|ARM.Deploy.0 = Debug|Any CPU
		{6311D2BF-B9A6-43C7-8978-EA1C5A348CF1}.Debug|iPhone.ActiveCfg = Debug|Any CPU
		{6311D2BF-B9A6-43C7-8978-EA1C5A348CF1}.Debug|iPhone.Build.0 = Debug|Any CPU
		{6311D2BF-B9A6-43C7-8978-EA1C5A348CF1}.Debug|iPhone.Deploy.0 = Debug|Any CPU
		{6311D2BF-B9A6-43C7-8978-EA1C5A348CF1}.Debug|iPhoneSimulator.ActiveCfg = Debug|Any CPU
		{6311D2BF-B9A6-43C7-8978-EA1C5A348CF1}.Debug|iPhoneSimulator.Build.0 = Debug|Any CPU
		{6311D2BF-B9A6-43C7-8978-EA1C5A348CF1}.Debug|iPhoneSimulator.Deploy.0 = Debug|Any CPU
		{6311D2BF-B9A6-43C7-8978-EA1C5A348CF1}.Debug|x64.ActiveCfg = Debug|Any CPU
		{6311D2BF-B9A6-43C7-8978-EA1C5A348CF1}.Debug|x64.Build.0 = Debug|Any CPU
		{6311D2BF-B9A6-43C7-8978-EA1C5A348CF1}.Debug|x64.Deploy.0 = Debug|Any CPU
		{6311D2BF-B9A6-43C7-8978-EA1C5A348CF1}.Debug|x86.ActiveCfg = Debug|Any CPU
		{6311D2BF-B9A6-43C7-8978-EA1C5A348CF1}.Debug|x86.Build.0 = Debug|Any CPU
		{6311D2BF-B9A6-43C7-8978-EA1C5A348CF1}.Debug|x86.Deploy.0 = Debug|Any CPU
		{6311D2BF-B9A6-43C7-8978-EA1C5A348CF1}.Release|Any CPU.ActiveCfg = Release|Any CPU
		{6311D2BF-B9A6-43C7-8978-EA1C5A348CF1}.Release|Any CPU.Build.0 = Release|Any CPU
		{6311D2BF-B9A6-43C7-8978-EA1C5A348CF1}.Release|Any CPU.Deploy.0 = Release|Any CPU
		{6311D2BF-B9A6-43C7-8978-EA1C5A348CF1}.Release|ARM.ActiveCfg = Release|Any CPU
		{6311D2BF-B9A6-43C7-8978-EA1C5A348CF1}.Release|ARM.Build.0 = Release|Any CPU
		{6311D2BF-B9A6-43C7-8978-EA1C5A348CF1}.Release|ARM.Deploy.0 = Release|Any CPU
		{6311D2BF-B9A6-43C7-8978-EA1C5A348CF1}.Release|iPhone.ActiveCfg = Release|Any CPU
		{6311D2BF-B9A6-43C7-8978-EA1C5A348CF1}.Release|iPhone.Build.0 = Release|Any CPU
		{6311D2BF-B9A6-43C7-8978-EA1C5A348CF1}.Release|iPhone.Deploy.0 = Release|Any CPU
		{6311D2BF-B9A6-43C7-8978-EA1C5A348CF1}.Release|iPhoneSimulator.ActiveCfg = Release|Any CPU
		{6311D2BF-B9A6-43C7-8978-EA1C5A348CF1}.Release|iPhoneSimulator.Build.0 = Release|Any CPU
		{6311D2BF-B9A6-43C7-8978-EA1C5A348CF1}.Release|iPhoneSimulator.Deploy.0 = Release|Any CPU
		{6311D2BF-B9A6-43C7-8978-EA1C5A348CF1}.Release|x64.ActiveCfg = Release|Any CPU
		{6311D2BF-B9A6-43C7-8978-EA1C5A348CF1}.Release|x64.Build.0 = Release|Any CPU
		{6311D2BF-B9A6-43C7-8978-EA1C5A348CF1}.Release|x64.Deploy.0 = Release|Any CPU
		{6311D2BF-B9A6-43C7-8978-EA1C5A348CF1}.Release|x86.ActiveCfg = Release|Any CPU
		{6311D2BF-B9A6-43C7-8978-EA1C5A348CF1}.Release|x86.Build.0 = Release|Any CPU
		{6311D2BF-B9A6-43C7-8978-EA1C5A348CF1}.Release|x86.Deploy.0 = Release|Any CPU
		{496989EB-33E8-4D4B-8255-4FA9D2FB2F81}.Ad-Hoc|Any CPU.ActiveCfg = Ad-Hoc|iPhone
		{496989EB-33E8-4D4B-8255-4FA9D2FB2F81}.Ad-Hoc|ARM.ActiveCfg = Ad-Hoc|iPhone
		{496989EB-33E8-4D4B-8255-4FA9D2FB2F81}.Ad-Hoc|iPhone.ActiveCfg = Ad-Hoc|iPhone
		{496989EB-33E8-4D4B-8255-4FA9D2FB2F81}.Ad-Hoc|iPhone.Build.0 = Ad-Hoc|iPhone
		{496989EB-33E8-4D4B-8255-4FA9D2FB2F81}.Ad-Hoc|iPhoneSimulator.ActiveCfg = Ad-Hoc|iPhoneSimulator
		{496989EB-33E8-4D4B-8255-4FA9D2FB2F81}.Ad-Hoc|iPhoneSimulator.Build.0 = Ad-Hoc|iPhoneSimulator
		{496989EB-33E8-4D4B-8255-4FA9D2FB2F81}.Ad-Hoc|x64.ActiveCfg = Ad-Hoc|iPhone
		{496989EB-33E8-4D4B-8255-4FA9D2FB2F81}.Ad-Hoc|x86.ActiveCfg = Ad-Hoc|iPhone
		{496989EB-33E8-4D4B-8255-4FA9D2FB2F81}.AppStore|Any CPU.ActiveCfg = AppStore|iPhone
		{496989EB-33E8-4D4B-8255-4FA9D2FB2F81}.AppStore|ARM.ActiveCfg = AppStore|iPhone
		{496989EB-33E8-4D4B-8255-4FA9D2FB2F81}.AppStore|iPhone.ActiveCfg = AppStore|iPhone
		{496989EB-33E8-4D4B-8255-4FA9D2FB2F81}.AppStore|iPhone.Build.0 = AppStore|iPhone
		{496989EB-33E8-4D4B-8255-4FA9D2FB2F81}.AppStore|iPhoneSimulator.ActiveCfg = AppStore|iPhoneSimulator
		{496989EB-33E8-4D4B-8255-4FA9D2FB2F81}.AppStore|iPhoneSimulator.Build.0 = AppStore|iPhoneSimulator
		{496989EB-33E8-4D4B-8255-4FA9D2FB2F81}.AppStore|x64.ActiveCfg = AppStore|iPhone
		{496989EB-33E8-4D4B-8255-4FA9D2FB2F81}.AppStore|x86.ActiveCfg = AppStore|iPhone
		{496989EB-33E8-4D4B-8255-4FA9D2FB2F81}.Debug|Any CPU.ActiveCfg = Debug|iPhone
		{496989EB-33E8-4D4B-8255-4FA9D2FB2F81}.Debug|ARM.ActiveCfg = Debug|iPhone
		{496989EB-33E8-4D4B-8255-4FA9D2FB2F81}.Debug|iPhone.ActiveCfg = Debug|iPhone
		{496989EB-33E8-4D4B-8255-4FA9D2FB2F81}.Debug|iPhone.Build.0 = Debug|iPhone
		{496989EB-33E8-4D4B-8255-4FA9D2FB2F81}.Debug|iPhoneSimulator.ActiveCfg = Debug|iPhoneSimulator
		{496989EB-33E8-4D4B-8255-4FA9D2FB2F81}.Debug|iPhoneSimulator.Build.0 = Debug|iPhoneSimulator
		{496989EB-33E8-4D4B-8255-4FA9D2FB2F81}.Debug|x64.ActiveCfg = Debug|iPhone
		{496989EB-33E8-4D4B-8255-4FA9D2FB2F81}.Debug|x86.ActiveCfg = Debug|iPhone
		{496989EB-33E8-4D4B-8255-4FA9D2FB2F81}.Release|Any CPU.ActiveCfg = Release|iPhone
		{496989EB-33E8-4D4B-8255-4FA9D2FB2F81}.Release|ARM.ActiveCfg = Release|iPhone
		{496989EB-33E8-4D4B-8255-4FA9D2FB2F81}.Release|iPhone.ActiveCfg = Release|iPhone
		{496989EB-33E8-4D4B-8255-4FA9D2FB2F81}.Release|iPhone.Build.0 = Release|iPhone
		{496989EB-33E8-4D4B-8255-4FA9D2FB2F81}.Release|iPhoneSimulator.ActiveCfg = Release|iPhoneSimulator
		{496989EB-33E8-4D4B-8255-4FA9D2FB2F81}.Release|iPhoneSimulator.Build.0 = Release|iPhoneSimulator
		{496989EB-33E8-4D4B-8255-4FA9D2FB2F81}.Release|x64.ActiveCfg = Release|iPhone
		{496989EB-33E8-4D4B-8255-4FA9D2FB2F81}.Release|x86.ActiveCfg = Release|iPhone
		{D3463DC0-C595-4F3D-A8DA-2EEF8E35B7D0}.Ad-Hoc|Any CPU.ActiveCfg = Release|x86
		{D3463DC0-C595-4F3D-A8DA-2EEF8E35B7D0}.Ad-Hoc|Any CPU.Build.0 = Release|x86
		{D3463DC0-C595-4F3D-A8DA-2EEF8E35B7D0}.Ad-Hoc|Any CPU.Deploy.0 = Release|x86
		{D3463DC0-C595-4F3D-A8DA-2EEF8E35B7D0}.Ad-Hoc|ARM.ActiveCfg = Release|ARM
		{D3463DC0-C595-4F3D-A8DA-2EEF8E35B7D0}.Ad-Hoc|ARM.Build.0 = Release|ARM
		{D3463DC0-C595-4F3D-A8DA-2EEF8E35B7D0}.Ad-Hoc|ARM.Deploy.0 = Release|ARM
		{D3463DC0-C595-4F3D-A8DA-2EEF8E35B7D0}.Ad-Hoc|iPhone.ActiveCfg = Release|x86
		{D3463DC0-C595-4F3D-A8DA-2EEF8E35B7D0}.Ad-Hoc|iPhone.Build.0 = Release|x86
		{D3463DC0-C595-4F3D-A8DA-2EEF8E35B7D0}.Ad-Hoc|iPhone.Deploy.0 = Release|x86
		{D3463DC0-C595-4F3D-A8DA-2EEF8E35B7D0}.Ad-Hoc|iPhoneSimulator.ActiveCfg = Release|x86
		{D3463DC0-C595-4F3D-A8DA-2EEF8E35B7D0}.Ad-Hoc|iPhoneSimulator.Build.0 = Release|x86
		{D3463DC0-C595-4F3D-A8DA-2EEF8E35B7D0}.Ad-Hoc|iPhoneSimulator.Deploy.0 = Release|x86
		{D3463DC0-C595-4F3D-A8DA-2EEF8E35B7D0}.Ad-Hoc|x64.ActiveCfg = Release|x64
		{D3463DC0-C595-4F3D-A8DA-2EEF8E35B7D0}.Ad-Hoc|x64.Build.0 = Release|x64
		{D3463DC0-C595-4F3D-A8DA-2EEF8E35B7D0}.Ad-Hoc|x64.Deploy.0 = Release|x64
		{D3463DC0-C595-4F3D-A8DA-2EEF8E35B7D0}.Ad-Hoc|x86.ActiveCfg = Release|x86
		{D3463DC0-C595-4F3D-A8DA-2EEF8E35B7D0}.Ad-Hoc|x86.Build.0 = Release|x86
		{D3463DC0-C595-4F3D-A8DA-2EEF8E35B7D0}.Ad-Hoc|x86.Deploy.0 = Release|x86
		{D3463DC0-C595-4F3D-A8DA-2EEF8E35B7D0}.AppStore|Any CPU.ActiveCfg = Release|x86
		{D3463DC0-C595-4F3D-A8DA-2EEF8E35B7D0}.AppStore|Any CPU.Build.0 = Release|x86
		{D3463DC0-C595-4F3D-A8DA-2EEF8E35B7D0}.AppStore|Any CPU.Deploy.0 = Release|x86
		{D3463DC0-C595-4F3D-A8DA-2EEF8E35B7D0}.AppStore|ARM.ActiveCfg = Release|ARM
		{D3463DC0-C595-4F3D-A8DA-2EEF8E35B7D0}.AppStore|ARM.Build.0 = Release|ARM
		{D3463DC0-C595-4F3D-A8DA-2EEF8E35B7D0}.AppStore|ARM.Deploy.0 = Release|ARM
		{D3463DC0-C595-4F3D-A8DA-2EEF8E35B7D0}.AppStore|iPhone.ActiveCfg = Release|x86
		{D3463DC0-C595-4F3D-A8DA-2EEF8E35B7D0}.AppStore|iPhone.Build.0 = Release|x86
		{D3463DC0-C595-4F3D-A8DA-2EEF8E35B7D0}.AppStore|iPhone.Deploy.0 = Release|x86
		{D3463DC0-C595-4F3D-A8DA-2EEF8E35B7D0}.AppStore|iPhoneSimulator.ActiveCfg = Release|x86
		{D3463DC0-C595-4F3D-A8DA-2EEF8E35B7D0}.AppStore|iPhoneSimulator.Build.0 = Release|x86
		{D3463DC0-C595-4F3D-A8DA-2EEF8E35B7D0}.AppStore|iPhoneSimulator.Deploy.0 = Release|x86
		{D3463DC0-C595-4F3D-A8DA-2EEF8E35B7D0}.AppStore|x64.ActiveCfg = Release|x64
		{D3463DC0-C595-4F3D-A8DA-2EEF8E35B7D0}.AppStore|x64.Build.0 = Release|x64
		{D3463DC0-C595-4F3D-A8DA-2EEF8E35B7D0}.AppStore|x64.Deploy.0 = Release|x64
		{D3463DC0-C595-4F3D-A8DA-2EEF8E35B7D0}.AppStore|x86.ActiveCfg = Release|x86
		{D3463DC0-C595-4F3D-A8DA-2EEF8E35B7D0}.AppStore|x86.Build.0 = Release|x86
		{D3463DC0-C595-4F3D-A8DA-2EEF8E35B7D0}.AppStore|x86.Deploy.0 = Release|x86
		{D3463DC0-C595-4F3D-A8DA-2EEF8E35B7D0}.Debug|Any CPU.ActiveCfg = Debug|x86
		{D3463DC0-C595-4F3D-A8DA-2EEF8E35B7D0}.Debug|ARM.ActiveCfg = Debug|ARM
		{D3463DC0-C595-4F3D-A8DA-2EEF8E35B7D0}.Debug|ARM.Build.0 = Debug|ARM
		{D3463DC0-C595-4F3D-A8DA-2EEF8E35B7D0}.Debug|ARM.Deploy.0 = Debug|ARM
		{D3463DC0-C595-4F3D-A8DA-2EEF8E35B7D0}.Debug|iPhone.ActiveCfg = Debug|x86
		{D3463DC0-C595-4F3D-A8DA-2EEF8E35B7D0}.Debug|iPhoneSimulator.ActiveCfg = Debug|x86
		{D3463DC0-C595-4F3D-A8DA-2EEF8E35B7D0}.Debug|x64.ActiveCfg = Debug|x64
		{D3463DC0-C595-4F3D-A8DA-2EEF8E35B7D0}.Debug|x64.Build.0 = Debug|x64
		{D3463DC0-C595-4F3D-A8DA-2EEF8E35B7D0}.Debug|x64.Deploy.0 = Debug|x64
		{D3463DC0-C595-4F3D-A8DA-2EEF8E35B7D0}.Debug|x86.ActiveCfg = Debug|x86
		{D3463DC0-C595-4F3D-A8DA-2EEF8E35B7D0}.Debug|x86.Build.0 = Debug|x86
		{D3463DC0-C595-4F3D-A8DA-2EEF8E35B7D0}.Debug|x86.Deploy.0 = Debug|x86
		{D3463DC0-C595-4F3D-A8DA-2EEF8E35B7D0}.Release|Any CPU.ActiveCfg = Release|x86
		{D3463DC0-C595-4F3D-A8DA-2EEF8E35B7D0}.Release|ARM.ActiveCfg = Release|ARM
		{D3463DC0-C595-4F3D-A8DA-2EEF8E35B7D0}.Release|ARM.Build.0 = Release|ARM
		{D3463DC0-C595-4F3D-A8DA-2EEF8E35B7D0}.Release|ARM.Deploy.0 = Release|ARM
		{D3463DC0-C595-4F3D-A8DA-2EEF8E35B7D0}.Release|iPhone.ActiveCfg = Release|x86
		{D3463DC0-C595-4F3D-A8DA-2EEF8E35B7D0}.Release|iPhoneSimulator.ActiveCfg = Release|x86
		{D3463DC0-C595-4F3D-A8DA-2EEF8E35B7D0}.Release|x64.ActiveCfg = Release|x64
		{D3463DC0-C595-4F3D-A8DA-2EEF8E35B7D0}.Release|x64.Build.0 = Release|x64
		{D3463DC0-C595-4F3D-A8DA-2EEF8E35B7D0}.Release|x64.Deploy.0 = Release|x64
		{D3463DC0-C595-4F3D-A8DA-2EEF8E35B7D0}.Release|x86.ActiveCfg = Release|x86
		{D3463DC0-C595-4F3D-A8DA-2EEF8E35B7D0}.Release|x86.Build.0 = Release|x86
		{D3463DC0-C595-4F3D-A8DA-2EEF8E35B7D0}.Release|x86.Deploy.0 = Release|x86
	EndGlobalSection
	GlobalSection(SolutionProperties) = preSolution
		HideSolutionNode = FALSE
	EndGlobalSection
	GlobalSection(ExtensibilityGlobals) = postSolution
		SolutionGuid = {2462DEC8-204F-438E-94CF-C5522AE77803}
	EndGlobalSection
EndGlobal
