
Microsoft Visual Studio Solution File, Format Version 12.00
# Visual Studio Version 16
VisualStudioVersion = 16.0.29324.140
MinimumVisualStudioVersion = 10.0.40219.1
Project("{FAE04EC0-301F-11D3-BF4B-00C04F79EFBC}") = "YUGIOH_Master.UWP", "YUGIOH_Master\YUGIOH_Master.UWP\YUGIOH_Master.UWP.csproj", "{5719BC18-4F8F-4399-AD3A-8ED036240CC8}"
EndProject
Project("{FAE04EC0-301F-11D3-BF4B-00C04F79EFBC}") = "YUGIOH_Master.Android", "YUGIOH_Master\YUGIOH_Master.Android\YUGIOH_Master.Android.csproj", "{90D7B0E0-5D68-4ED6-9375-1B61BB84C8FF}"
EndProject
Project("{FAE04EC0-301F-11D3-BF4B-00C04F79EFBC}") = "YUGIOH_Master.iOS", "YUGIOH_Master\YUGIOH_Master.iOS\YUGIOH_Master.iOS.csproj", "{A9FD9B29-A958-4D90-9BA0-628AEDAEFCDA}"
EndProject
Project("{FAE04EC0-301F-11D3-BF4B-00C04F79EFBC}") = "YUGIOH_Master", "YUGIOH_Master\YUGIOH_Master\YUGIOH_Master.csproj", "{E3A38F81-A706-4DDA-AC7F-14EE7DFED1F9}"
EndProject
Global
	GlobalSection(SolutionConfigurationPlatforms) = preSolution
		Debug|Any CPU = Debug|Any CPU
		Debug|ARM = Debug|ARM
		Debug|iPhone = Debug|iPhone
		Debug|iPhoneSimulator = Debug|iPhoneSimulator
		Debug|x64 = Debug|x64
		Debug|x86 = Debug|x86
		Release|Any CPU = Release|Any CPU
		Release|ARM = Release|ARM
		Release|iPhone = Release|iPhone
		Release|iPhoneSimulator = Release|iPhoneSimulator
		Release|x64 = Release|x64
		Release|x86 = Release|x86
	EndGlobalSection
	GlobalSection(ProjectConfigurationPlatforms) = postSolution
		{5719BC18-4F8F-4399-AD3A-8ED036240CC8}.Debug|Any CPU.ActiveCfg = Debug|x86
		{5719BC18-4F8F-4399-AD3A-8ED036240CC8}.Debug|Any CPU.Build.0 = Debug|x86
		{5719BC18-4F8F-4399-AD3A-8ED036240CC8}.Debug|Any CPU.Deploy.0 = Debug|x86
		{5719BC18-4F8F-4399-AD3A-8ED036240CC8}.Debug|ARM.ActiveCfg = Debug|ARM
		{5719BC18-4F8F-4399-AD3A-8ED036240CC8}.Debug|ARM.Build.0 = Debug|ARM
		{5719BC18-4F8F-4399-AD3A-8ED036240CC8}.Debug|ARM.Deploy.0 = Debug|ARM
		{5719BC18-4F8F-4399-AD3A-8ED036240CC8}.Debug|iPhone.ActiveCfg = Debug|x86
		{5719BC18-4F8F-4399-AD3A-8ED036240CC8}.Debug|iPhone.Build.0 = Debug|x86
		{5719BC18-4F8F-4399-AD3A-8ED036240CC8}.Debug|iPhone.Deploy.0 = Debug|x86
		{5719BC18-4F8F-4399-AD3A-8ED036240CC8}.Debug|iPhoneSimulator.ActiveCfg = Debug|x86
		{5719BC18-4F8F-4399-AD3A-8ED036240CC8}.Debug|iPhoneSimulator.Build.0 = Debug|x86
		{5719BC18-4F8F-4399-AD3A-8ED036240CC8}.Debug|iPhoneSimulator.Deploy.0 = Debug|x86
		{5719BC18-4F8F-4399-AD3A-8ED036240CC8}.Debug|x64.ActiveCfg = Debug|x64
		{5719BC18-4F8F-4399-AD3A-8ED036240CC8}.Debug|x64.Build.0 = Debug|x64
		{5719BC18-4F8F-4399-AD3A-8ED036240CC8}.Debug|x64.Deploy.0 = Debug|x64
		{5719BC18-4F8F-4399-AD3A-8ED036240CC8}.Debug|x86.ActiveCfg = Debug|x86
		{5719BC18-4F8F-4399-AD3A-8ED036240CC8}.Debug|x86.Build.0 = Debug|x86
		{5719BC18-4F8F-4399-AD3A-8ED036240CC8}.Debug|x86.Deploy.0 = Debug|x86
		{5719BC18-4F8F-4399-AD3A-8ED036240CC8}.Release|Any CPU.ActiveCfg = Release|x86
		{5719BC18-4F8F-4399-AD3A-8ED036240CC8}.Release|Any CPU.Build.0 = Release|x86
		{5719BC18-4F8F-4399-AD3A-8ED036240CC8}.Release|Any CPU.Deploy.0 = Release|x86
		{5719BC18-4F8F-4399-AD3A-8ED036240CC8}.Release|ARM.ActiveCfg = Release|ARM
		{5719BC18-4F8F-4399-AD3A-8ED036240CC8}.Release|ARM.Build.0 = Release|ARM
		{5719BC18-4F8F-4399-AD3A-8ED036240CC8}.Release|ARM.Deploy.0 = Release|ARM
		{5719BC18-4F8F-4399-AD3A-8ED036240CC8}.Release|iPhone.ActiveCfg = Release|x86
		{5719BC18-4F8F-4399-AD3A-8ED036240CC8}.Release|iPhone.Build.0 = Release|x86
		{5719BC18-4F8F-4399-AD3A-8ED036240CC8}.Release|iPhone.Deploy.0 = Release|x86
		{5719BC18-4F8F-4399-AD3A-8ED036240CC8}.Release|iPhoneSimulator.ActiveCfg = Release|x86
		{5719BC18-4F8F-4399-AD3A-8ED036240CC8}.Release|iPhoneSimulator.Build.0 = Release|x86
		{5719BC18-4F8F-4399-AD3A-8ED036240CC8}.Release|iPhoneSimulator.Deploy.0 = Release|x86
		{5719BC18-4F8F-4399-AD3A-8ED036240CC8}.Release|x64.ActiveCfg = Release|x64
		{5719BC18-4F8F-4399-AD3A-8ED036240CC8}.Release|x64.Build.0 = Release|x64
		{5719BC18-4F8F-4399-AD3A-8ED036240CC8}.Release|x64.Deploy.0 = Release|x64
		{5719BC18-4F8F-4399-AD3A-8ED036240CC8}.Release|x86.ActiveCfg = Release|x86
		{5719BC18-4F8F-4399-AD3A-8ED036240CC8}.Release|x86.Build.0 = Release|x86
		{5719BC18-4F8F-4399-AD3A-8ED036240CC8}.Release|x86.Deploy.0 = Release|x86
		{90D7B0E0-5D68-4ED6-9375-1B61BB84C8FF}.Debug|Any CPU.ActiveCfg = Debug|Any CPU
		{90D7B0E0-5D68-4ED6-9375-1B61BB84C8FF}.Debug|Any CPU.Build.0 = Debug|Any CPU
		{90D7B0E0-5D68-4ED6-9375-1B61BB84C8FF}.Debug|Any CPU.Deploy.0 = Debug|Any CPU
		{90D7B0E0-5D68-4ED6-9375-1B61BB84C8FF}.Debug|ARM.ActiveCfg = Debug|Any CPU
		{90D7B0E0-5D68-4ED6-9375-1B61BB84C8FF}.Debug|ARM.Build.0 = Debug|Any CPU
		{90D7B0E0-5D68-4ED6-9375-1B61BB84C8FF}.Debug|ARM.Deploy.0 = Debug|Any CPU
		{90D7B0E0-5D68-4ED6-9375-1B61BB84C8FF}.Debug|iPhone.ActiveCfg = Debug|Any CPU
		{90D7B0E0-5D68-4ED6-9375-1B61BB84C8FF}.Debug|iPhone.Build.0 = Debug|Any CPU
		{90D7B0E0-5D68-4ED6-9375-1B61BB84C8FF}.Debug|iPhone.Deploy.0 = Debug|Any CPU
		{90D7B0E0-5D68-4ED6-9375-1B61BB84C8FF}.Debug|iPhoneSimulator.ActiveCfg = Debug|Any CPU
		{90D7B0E0-5D68-4ED6-9375-1B61BB84C8FF}.Debug|iPhoneSimulator.Build.0 = Debug|Any CPU
		{90D7B0E0-5D68-4ED6-9375-1B61BB84C8FF}.Debug|iPhoneSimulator.Deploy.0 = Debug|Any CPU
		{90D7B0E0-5D68-4ED6-9375-1B61BB84C8FF}.Debug|x64.ActiveCfg = Debug|Any CPU
		{90D7B0E0-5D68-4ED6-9375-1B61BB84C8FF}.Debug|x64.Build.0 = Debug|Any CPU
		{90D7B0E0-5D68-4ED6-9375-1B61BB84C8FF}.Debug|x64.Deploy.0 = Debug|Any CPU
		{90D7B0E0-5D68-4ED6-9375-1B61BB84C8FF}.Debug|x86.ActiveCfg = Debug|Any CPU
		{90D7B0E0-5D68-4ED6-9375-1B61BB84C8FF}.Debug|x86.Build.0 = Debug|Any CPU
		{90D7B0E0-5D68-4ED6-9375-1B61BB84C8FF}.Debug|x86.Deploy.0 = Debug|Any CPU
		{90D7B0E0-5D68-4ED6-9375-1B61BB84C8FF}.Release|Any CPU.ActiveCfg = Release|Any CPU
		{90D7B0E0-5D68-4ED6-9375-1B61BB84C8FF}.Release|Any CPU.Build.0 = Release|Any CPU
		{90D7B0E0-5D68-4ED6-9375-1B61BB84C8FF}.Release|Any CPU.Deploy.0 = Release|Any CPU
		{90D7B0E0-5D68-4ED6-9375-1B61BB84C8FF}.Release|ARM.ActiveCfg = Release|Any CPU
		{90D7B0E0-5D68-4ED6-9375-1B61BB84C8FF}.Release|ARM.Build.0 = Release|Any CPU
		{90D7B0E0-5D68-4ED6-9375-1B61BB84C8FF}.Release|ARM.Deploy.0 = Release|Any CPU
		{90D7B0E0-5D68-4ED6-9375-1B61BB84C8FF}.Release|iPhone.ActiveCfg = Release|Any CPU
		{90D7B0E0-5D68-4ED6-9375-1B61BB84C8FF}.Release|iPhone.Build.0 = Release|Any CPU
		{90D7B0E0-5D68-4ED6-9375-1B61BB84C8FF}.Release|iPhone.Deploy.0 = Release|Any CPU
		{90D7B0E0-5D68-4ED6-9375-1B61BB84C8FF}.Release|iPhoneSimulator.ActiveCfg = Release|Any CPU
		{90D7B0E0-5D68-4ED6-9375-1B61BB84C8FF}.Release|iPhoneSimulator.Build.0 = Release|Any CPU
		{90D7B0E0-5D68-4ED6-9375-1B61BB84C8FF}.Release|iPhoneSimulator.Deploy.0 = Release|Any CPU
		{90D7B0E0-5D68-4ED6-9375-1B61BB84C8FF}.Release|x64.ActiveCfg = Release|Any CPU
		{90D7B0E0-5D68-4ED6-9375-1B61BB84C8FF}.Release|x64.Build.0 = Release|Any CPU
		{90D7B0E0-5D68-4ED6-9375-1B61BB84C8FF}.Release|x64.Deploy.0 = Release|Any CPU
		{90D7B0E0-5D68-4ED6-9375-1B61BB84C8FF}.Release|x86.ActiveCfg = Release|Any CPU
		{90D7B0E0-5D68-4ED6-9375-1B61BB84C8FF}.Release|x86.Build.0 = Release|Any CPU
		{90D7B0E0-5D68-4ED6-9375-1B61BB84C8FF}.Release|x86.Deploy.0 = Release|Any CPU
		{A9FD9B29-A958-4D90-9BA0-628AEDAEFCDA}.Debug|Any CPU.ActiveCfg = Debug|iPhone
		{A9FD9B29-A958-4D90-9BA0-628AEDAEFCDA}.Debug|Any CPU.Build.0 = Debug|iPhone
		{A9FD9B29-A958-4D90-9BA0-628AEDAEFCDA}.Debug|Any CPU.Deploy.0 = Debug|iPhone
		{A9FD9B29-A958-4D90-9BA0-628AEDAEFCDA}.Debug|ARM.ActiveCfg = Debug|iPhoneSimulator
		{A9FD9B29-A958-4D90-9BA0-628AEDAEFCDA}.Debug|ARM.Build.0 = Debug|iPhoneSimulator
		{A9FD9B29-A958-4D90-9BA0-628AEDAEFCDA}.Debug|ARM.Deploy.0 = Debug|iPhoneSimulator
		{A9FD9B29-A958-4D90-9BA0-628AEDAEFCDA}.Debug|iPhone.ActiveCfg = Debug|iPhone
		{A9FD9B29-A958-4D90-9BA0-628AEDAEFCDA}.Debug|iPhone.Build.0 = Debug|iPhone
		{A9FD9B29-A958-4D90-9BA0-628AEDAEFCDA}.Debug|iPhone.Deploy.0 = Debug|iPhone
		{A9FD9B29-A958-4D90-9BA0-628AEDAEFCDA}.Debug|iPhoneSimulator.ActiveCfg = Debug|iPhoneSimulator
		{A9FD9B29-A958-4D90-9BA0-628AEDAEFCDA}.Debug|iPhoneSimulator.Build.0 = Debug|iPhoneSimulator
		{A9FD9B29-A958-4D90-9BA0-628AEDAEFCDA}.Debug|iPhoneSimulator.Deploy.0 = Debug|iPhoneSimulator
		{A9FD9B29-A958-4D90-9BA0-628AEDAEFCDA}.Debug|x64.ActiveCfg = Debug|iPhone
		{A9FD9B29-A958-4D90-9BA0-628AEDAEFCDA}.Debug|x64.Build.0 = Debug|iPhone
		{A9FD9B29-A958-4D90-9BA0-628AEDAEFCDA}.Debug|x64.Deploy.0 = Debug|iPhone
		{A9FD9B29-A958-4D90-9BA0-628AEDAEFCDA}.Debug|x86.ActiveCfg = Debug|iPhone
		{A9FD9B29-A958-4D90-9BA0-628AEDAEFCDA}.Debug|x86.Build.0 = Debug|iPhone
		{A9FD9B29-A958-4D90-9BA0-628AEDAEFCDA}.Debug|x86.Deploy.0 = Debug|iPhone
		{A9FD9B29-A958-4D90-9BA0-628AEDAEFCDA}.Release|Any CPU.ActiveCfg = Release|iPhone
		{A9FD9B29-A958-4D90-9BA0-628AEDAEFCDA}.Release|Any CPU.Build.0 = Release|iPhone
		{A9FD9B29-A958-4D90-9BA0-628AEDAEFCDA}.Release|Any CPU.Deploy.0 = Release|iPhone
		{A9FD9B29-A958-4D90-9BA0-628AEDAEFCDA}.Release|ARM.ActiveCfg = Release|iPhone
		{A9FD9B29-A958-4D90-9BA0-628AEDAEFCDA}.Release|ARM.Build.0 = Release|iPhone
		{A9FD9B29-A958-4D90-9BA0-628AEDAEFCDA}.Release|ARM.Deploy.0 = Release|iPhone
		{A9FD9B29-A958-4D90-9BA0-628AEDAEFCDA}.Release|iPhone.ActiveCfg = Release|iPhone
		{A9FD9B29-A958-4D90-9BA0-628AEDAEFCDA}.Release|iPhone.Build.0 = Release|iPhone
		{A9FD9B29-A958-4D90-9BA0-628AEDAEFCDA}.Release|iPhone.Deploy.0 = Release|iPhone
		{A9FD9B29-A958-4D90-9BA0-628AEDAEFCDA}.Release|iPhoneSimulator.ActiveCfg = Release|iPhoneSimulator
		{A9FD9B29-A958-4D90-9BA0-628AEDAEFCDA}.Release|iPhoneSimulator.Build.0 = Release|iPhoneSimulator
		{A9FD9B29-A958-4D90-9BA0-628AEDAEFCDA}.Release|iPhoneSimulator.Deploy.0 = Release|iPhoneSimulator
		{A9FD9B29-A958-4D90-9BA0-628AEDAEFCDA}.Release|x64.ActiveCfg = Release|iPhone
		{A9FD9B29-A958-4D90-9BA0-628AEDAEFCDA}.Release|x64.Build.0 = Release|iPhone
		{A9FD9B29-A958-4D90-9BA0-628AEDAEFCDA}.Release|x64.Deploy.0 = Release|iPhone
		{A9FD9B29-A958-4D90-9BA0-628AEDAEFCDA}.Release|x86.ActiveCfg = Release|iPhone
		{A9FD9B29-A958-4D90-9BA0-628AEDAEFCDA}.Release|x86.Build.0 = Release|iPhone
		{A9FD9B29-A958-4D90-9BA0-628AEDAEFCDA}.Release|x86.Deploy.0 = Release|iPhone
		{E3A38F81-A706-4DDA-AC7F-14EE7DFED1F9}.Debug|Any CPU.ActiveCfg = Debug|Any CPU
		{E3A38F81-A706-4DDA-AC7F-14EE7DFED1F9}.Debug|Any CPU.Build.0 = Debug|Any CPU
		{E3A38F81-A706-4DDA-AC7F-14EE7DFED1F9}.Debug|Any CPU.Deploy.0 = Debug|Any CPU
		{E3A38F81-A706-4DDA-AC7F-14EE7DFED1F9}.Debug|ARM.ActiveCfg = Debug|Any CPU
		{E3A38F81-A706-4DDA-AC7F-14EE7DFED1F9}.Debug|ARM.Build.0 = Debug|Any CPU
		{E3A38F81-A706-4DDA-AC7F-14EE7DFED1F9}.Debug|ARM.Deploy.0 = Debug|Any CPU
		{E3A38F81-A706-4DDA-AC7F-14EE7DFED1F9}.Debug|iPhone.ActiveCfg = Debug|Any CPU
		{E3A38F81-A706-4DDA-AC7F-14EE7DFED1F9}.Debug|iPhone.Build.0 = Debug|Any CPU
		{E3A38F81-A706-4DDA-AC7F-14EE7DFED1F9}.Debug|iPhone.Deploy.0 = Debug|Any CPU
		{E3A38F81-A706-4DDA-AC7F-14EE7DFED1F9}.Debug|iPhoneSimulator.ActiveCfg = Debug|Any CPU
		{E3A38F81-A706-4DDA-AC7F-14EE7DFED1F9}.Debug|iPhoneSimulator.Build.0 = Debug|Any CPU
		{E3A38F81-A706-4DDA-AC7F-14EE7DFED1F9}.Debug|iPhoneSimulator.Deploy.0 = Debug|Any CPU
		{E3A38F81-A706-4DDA-AC7F-14EE7DFED1F9}.Debug|x64.ActiveCfg = Debug|Any CPU
		{E3A38F81-A706-4DDA-AC7F-14EE7DFED1F9}.Debug|x64.Build.0 = Debug|Any CPU
		{E3A38F81-A706-4DDA-AC7F-14EE7DFED1F9}.Debug|x64.Deploy.0 = Debug|Any CPU
		{E3A38F81-A706-4DDA-AC7F-14EE7DFED1F9}.Debug|x86.ActiveCfg = Debug|Any CPU
		{E3A38F81-A706-4DDA-AC7F-14EE7DFED1F9}.Debug|x86.Build.0 = Debug|Any CPU
		{E3A38F81-A706-4DDA-AC7F-14EE7DFED1F9}.Debug|x86.Deploy.0 = Debug|Any CPU
		{E3A38F81-A706-4DDA-AC7F-14EE7DFED1F9}.Release|Any CPU.ActiveCfg = Release|Any CPU
		{E3A38F81-A706-4DDA-AC7F-14EE7DFED1F9}.Release|Any CPU.Build.0 = Release|Any CPU
		{E3A38F81-A706-4DDA-AC7F-14EE7DFED1F9}.Release|Any CPU.Deploy.0 = Release|Any CPU
		{E3A38F81-A706-4DDA-AC7F-14EE7DFED1F9}.Release|ARM.ActiveCfg = Release|Any CPU
		{E3A38F81-A706-4DDA-AC7F-14EE7DFED1F9}.Release|ARM.Build.0 = Release|Any CPU
		{E3A38F81-A706-4DDA-AC7F-14EE7DFED1F9}.Release|ARM.Deploy.0 = Release|Any CPU
		{E3A38F81-A706-4DDA-AC7F-14EE7DFED1F9}.Release|iPhone.ActiveCfg = Release|Any CPU
		{E3A38F81-A706-4DDA-AC7F-14EE7DFED1F9}.Release|iPhone.Build.0 = Release|Any CPU
		{E3A38F81-A706-4DDA-AC7F-14EE7DFED1F9}.Release|iPhone.Deploy.0 = Release|Any CPU
		{E3A38F81-A706-4DDA-AC7F-14EE7DFED1F9}.Release|iPhoneSimulator.ActiveCfg = Release|Any CPU
		{E3A38F81-A706-4DDA-AC7F-14EE7DFED1F9}.Release|iPhoneSimulator.Build.0 = Release|Any CPU
		{E3A38F81-A706-4DDA-AC7F-14EE7DFED1F9}.Release|iPhoneSimulator.Deploy.0 = Release|Any CPU
		{E3A38F81-A706-4DDA-AC7F-14EE7DFED1F9}.Release|x64.ActiveCfg = Release|Any CPU
		{E3A38F81-A706-4DDA-AC7F-14EE7DFED1F9}.Release|x64.Build.0 = Release|Any CPU
		{E3A38F81-A706-4DDA-AC7F-14EE7DFED1F9}.Release|x64.Deploy.0 = Release|Any CPU
		{E3A38F81-A706-4DDA-AC7F-14EE7DFED1F9}.Release|x86.ActiveCfg = Release|Any CPU
		{E3A38F81-A706-4DDA-AC7F-14EE7DFED1F9}.Release|x86.Build.0 = Release|Any CPU
		{E3A38F81-A706-4DDA-AC7F-14EE7DFED1F9}.Release|x86.Deploy.0 = Release|Any CPU
	EndGlobalSection
	GlobalSection(SolutionProperties) = preSolution
		HideSolutionNode = FALSE
	EndGlobalSection
	GlobalSection(ExtensibilityGlobals) = postSolution
		SolutionGuid = {839BEA6F-0C73-469F-91DC-54C285DCF2C8}
	EndGlobalSection
EndGlobal
