
Microsoft Visual Studio Solution File, Format Version 12.00
# Visual Studio Version 16
VisualStudioVersion = 16.0.29324.140
MinimumVisualStudioVersion = 10.0.40219.1
Project("{FAE04EC0-301F-11D3-BF4B-00C04F79EFBC}") = "CrossAppMaster.UWP", "CrossAppMaster\CrossAppMaster.UWP\CrossAppMaster.UWP.csproj", "{C94F5798-E664-4E23-98F9-3D8769440E09}"
EndProject
Project("{FAE04EC0-301F-11D3-BF4B-00C04F79EFBC}") = "CrossAppMaster.Android", "CrossAppMaster\CrossAppMaster.Android\CrossAppMaster.Android.csproj", "{4B58298B-CEAB-4FA0-A86C-46B2F82B2E6A}"
EndProject
Project("{FAE04EC0-301F-11D3-BF4B-00C04F79EFBC}") = "CrossAppMaster.iOS", "CrossAppMaster\CrossAppMaster.iOS\CrossAppMaster.iOS.csproj", "{2F29F8AE-23F3-40FE-9719-237191B96E11}"
EndProject
Project("{FAE04EC0-301F-11D3-BF4B-00C04F79EFBC}") = "CrossAppMaster", "CrossAppMaster\CrossAppMaster\CrossAppMaster.csproj", "{0240AEFA-4D6C-479E-BE7A-30F3853CA395}"
EndProject
Global
	GlobalSection(SolutionConfigurationPlatforms) = preSolution
		Debug|Any CPU = Debug|Any CPU
		Debug|ARM = Debug|ARM
		Debug|iPhone = Debug|iPhone
		Debug|iPhoneSimulator = Debug|iPhoneSimulator
		Debug|x64 = Debug|x64
		Debug|x86 = Debug|x86
		Release|Any CPU = Release|Any CPU
		Release|ARM = Release|ARM
		Release|iPhone = Release|iPhone
		Release|iPhoneSimulator = Release|iPhoneSimulator
		Release|x64 = Release|x64
		Release|x86 = Release|x86
	EndGlobalSection
	GlobalSection(ProjectConfigurationPlatforms) = postSolution
		{C94F5798-E664-4E23-98F9-3D8769440E09}.Debug|Any CPU.ActiveCfg = Debug|x86
		{C94F5798-E664-4E23-98F9-3D8769440E09}.Debug|Any CPU.Build.0 = Debug|x86
		{C94F5798-E664-4E23-98F9-3D8769440E09}.Debug|Any CPU.Deploy.0 = Debug|x86
		{C94F5798-E664-4E23-98F9-3D8769440E09}.Debug|ARM.ActiveCfg = Debug|ARM
		{C94F5798-E664-4E23-98F9-3D8769440E09}.Debug|ARM.Build.0 = Debug|ARM
		{C94F5798-E664-4E23-98F9-3D8769440E09}.Debug|ARM.Deploy.0 = Debug|ARM
		{C94F5798-E664-4E23-98F9-3D8769440E09}.Debug|iPhone.ActiveCfg = Debug|x86
		{C94F5798-E664-4E23-98F9-3D8769440E09}.Debug|iPhone.Build.0 = Debug|x86
		{C94F5798-E664-4E23-98F9-3D8769440E09}.Debug|iPhone.Deploy.0 = Debug|x86
		{C94F5798-E664-4E23-98F9-3D8769440E09}.Debug|iPhoneSimulator.ActiveCfg = Debug|x86
		{C94F5798-E664-4E23-98F9-3D8769440E09}.Debug|iPhoneSimulator.Build.0 = Debug|x86
		{C94F5798-E664-4E23-98F9-3D8769440E09}.Debug|iPhoneSimulator.Deploy.0 = Debug|x86
		{C94F5798-E664-4E23-98F9-3D8769440E09}.Debug|x64.ActiveCfg = Debug|x64
		{C94F5798-E664-4E23-98F9-3D8769440E09}.Debug|x64.Build.0 = Debug|x64
		{C94F5798-E664-4E23-98F9-3D8769440E09}.Debug|x64.Deploy.0 = Debug|x64
		{C94F5798-E664-4E23-98F9-3D8769440E09}.Debug|x86.ActiveCfg = Debug|x86
		{C94F5798-E664-4E23-98F9-3D8769440E09}.Debug|x86.Build.0 = Debug|x86
		{C94F5798-E664-4E23-98F9-3D8769440E09}.Debug|x86.Deploy.0 = Debug|x86
		{C94F5798-E664-4E23-98F9-3D8769440E09}.Release|Any CPU.ActiveCfg = Release|x86
		{C94F5798-E664-4E23-98F9-3D8769440E09}.Release|Any CPU.Build.0 = Release|x86
		{C94F5798-E664-4E23-98F9-3D8769440E09}.Release|Any CPU.Deploy.0 = Release|x86
		{C94F5798-E664-4E23-98F9-3D8769440E09}.Release|ARM.ActiveCfg = Release|ARM
		{C94F5798-E664-4E23-98F9-3D8769440E09}.Release|ARM.Build.0 = Release|ARM
		{C94F5798-E664-4E23-98F9-3D8769440E09}.Release|ARM.Deploy.0 = Release|ARM
		{C94F5798-E664-4E23-98F9-3D8769440E09}.Release|iPhone.ActiveCfg = Release|x86
		{C94F5798-E664-4E23-98F9-3D8769440E09}.Release|iPhone.Build.0 = Release|x86
		{C94F5798-E664-4E23-98F9-3D8769440E09}.Release|iPhone.Deploy.0 = Release|x86
		{C94F5798-E664-4E23-98F9-3D8769440E09}.Release|iPhoneSimulator.ActiveCfg = Release|x86
		{C94F5798-E664-4E23-98F9-3D8769440E09}.Release|iPhoneSimulator.Build.0 = Release|x86
		{C94F5798-E664-4E23-98F9-3D8769440E09}.Release|iPhoneSimulator.Deploy.0 = Release|x86
		{C94F5798-E664-4E23-98F9-3D8769440E09}.Release|x64.ActiveCfg = Release|x64
		{C94F5798-E664-4E23-98F9-3D8769440E09}.Release|x64.Build.0 = Release|x64
		{C94F5798-E664-4E23-98F9-3D8769440E09}.Release|x64.Deploy.0 = Release|x64
		{C94F5798-E664-4E23-98F9-3D8769440E09}.Release|x86.ActiveCfg = Release|x86
		{C94F5798-E664-4E23-98F9-3D8769440E09}.Release|x86.Build.0 = Release|x86
		{C94F5798-E664-4E23-98F9-3D8769440E09}.Release|x86.Deploy.0 = Release|x86
		{4B58298B-CEAB-4FA0-A86C-46B2F82B2E6A}.Debug|Any CPU.ActiveCfg = Debug|Any CPU
		{4B58298B-CEAB-4FA0-A86C-46B2F82B2E6A}.Debug|Any CPU.Build.0 = Debug|Any CPU
		{4B58298B-CEAB-4FA0-A86C-46B2F82B2E6A}.Debug|Any CPU.Deploy.0 = Debug|Any CPU
		{4B58298B-CEAB-4FA0-A86C-46B2F82B2E6A}.Debug|ARM.ActiveCfg = Debug|Any CPU
		{4B58298B-CEAB-4FA0-A86C-46B2F82B2E6A}.Debug|ARM.Build.0 = Debug|Any CPU
		{4B58298B-CEAB-4FA0-A86C-46B2F82B2E6A}.Debug|ARM.Deploy.0 = Debug|Any CPU
		{4B58298B-CEAB-4FA0-A86C-46B2F82B2E6A}.Debug|iPhone.ActiveCfg = Debug|Any CPU
		{4B58298B-CEAB-4FA0-A86C-46B2F82B2E6A}.Debug|iPhone.Build.0 = Debug|Any CPU
		{4B58298B-CEAB-4FA0-A86C-46B2F82B2E6A}.Debug|iPhone.Deploy.0 = Debug|Any CPU
		{4B58298B-CEAB-4FA0-A86C-46B2F82B2E6A}.Debug|iPhoneSimulator.ActiveCfg = Debug|Any CPU
		{4B58298B-CEAB-4FA0-A86C-46B2F82B2E6A}.Debug|iPhoneSimulator.Build.0 = Debug|Any CPU
		{4B58298B-CEAB-4FA0-A86C-46B2F82B2E6A}.Debug|iPhoneSimulator.Deploy.0 = Debug|Any CPU
		{4B58298B-CEAB-4FA0-A86C-46B2F82B2E6A}.Debug|x64.ActiveCfg = Debug|Any CPU
		{4B58298B-CEAB-4FA0-A86C-46B2F82B2E6A}.Debug|x64.Build.0 = Debug|Any CPU
		{4B58298B-CEAB-4FA0-A86C-46B2F82B2E6A}.Debug|x64.Deploy.0 = Debug|Any CPU
		{4B58298B-CEAB-4FA0-A86C-46B2F82B2E6A}.Debug|x86.ActiveCfg = Debug|Any CPU
		{4B58298B-CEAB-4FA0-A86C-46B2F82B2E6A}.Debug|x86.Build.0 = Debug|Any CPU
		{4B58298B-CEAB-4FA0-A86C-46B2F82B2E6A}.Debug|x86.Deploy.0 = Debug|Any CPU
		{4B58298B-CEAB-4FA0-A86C-46B2F82B2E6A}.Release|Any CPU.ActiveCfg = Release|Any CPU
		{4B58298B-CEAB-4FA0-A86C-46B2F82B2E6A}.Release|Any CPU.Build.0 = Release|Any CPU
		{4B58298B-CEAB-4FA0-A86C-46B2F82B2E6A}.Release|Any CPU.Deploy.0 = Release|Any CPU
		{4B58298B-CEAB-4FA0-A86C-46B2F82B2E6A}.Release|ARM.ActiveCfg = Release|Any CPU
		{4B58298B-CEAB-4FA0-A86C-46B2F82B2E6A}.Release|ARM.Build.0 = Release|Any CPU
		{4B58298B-CEAB-4FA0-A86C-46B2F82B2E6A}.Release|ARM.Deploy.0 = Release|Any CPU
		{4B58298B-CEAB-4FA0-A86C-46B2F82B2E6A}.Release|iPhone.ActiveCfg = Release|Any CPU
		{4B58298B-CEAB-4FA0-A86C-46B2F82B2E6A}.Release|iPhone.Build.0 = Release|Any CPU
		{4B58298B-CEAB-4FA0-A86C-46B2F82B2E6A}.Release|iPhone.Deploy.0 = Release|Any CPU
		{4B58298B-CEAB-4FA0-A86C-46B2F82B2E6A}.Release|iPhoneSimulator.ActiveCfg = Release|Any CPU
		{4B58298B-CEAB-4FA0-A86C-46B2F82B2E6A}.Release|iPhoneSimulator.Build.0 = Release|Any CPU
		{4B58298B-CEAB-4FA0-A86C-46B2F82B2E6A}.Release|iPhoneSimulator.Deploy.0 = Release|Any CPU
		{4B58298B-CEAB-4FA0-A86C-46B2F82B2E6A}.Release|x64.ActiveCfg = Release|Any CPU
		{4B58298B-CEAB-4FA0-A86C-46B2F82B2E6A}.Release|x64.Build.0 = Release|Any CPU
		{4B58298B-CEAB-4FA0-A86C-46B2F82B2E6A}.Release|x64.Deploy.0 = Release|Any CPU
		{4B58298B-CEAB-4FA0-A86C-46B2F82B2E6A}.Release|x86.ActiveCfg = Release|Any CPU
		{4B58298B-CEAB-4FA0-A86C-46B2F82B2E6A}.Release|x86.Build.0 = Release|Any CPU
		{4B58298B-CEAB-4FA0-A86C-46B2F82B2E6A}.Release|x86.Deploy.0 = Release|Any CPU
		{2F29F8AE-23F3-40FE-9719-237191B96E11}.Debug|Any CPU.ActiveCfg = Debug|iPhone
		{2F29F8AE-23F3-40FE-9719-237191B96E11}.Debug|Any CPU.Build.0 = Debug|iPhone
		{2F29F8AE-23F3-40FE-9719-237191B96E11}.Debug|Any CPU.Deploy.0 = Debug|iPhone
		{2F29F8AE-23F3-40FE-9719-237191B96E11}.Debug|ARM.ActiveCfg = Debug|iPhoneSimulator
		{2F29F8AE-23F3-40FE-9719-237191B96E11}.Debug|ARM.Build.0 = Debug|iPhoneSimulator
		{2F29F8AE-23F3-40FE-9719-237191B96E11}.Debug|ARM.Deploy.0 = Debug|iPhoneSimulator
		{2F29F8AE-23F3-40FE-9719-237191B96E11}.Debug|iPhone.ActiveCfg = Debug|iPhone
		{2F29F8AE-23F3-40FE-9719-237191B96E11}.Debug|iPhone.Build.0 = Debug|iPhone
		{2F29F8AE-23F3-40FE-9719-237191B96E11}.Debug|iPhone.Deploy.0 = Debug|iPhone
		{2F29F8AE-23F3-40FE-9719-237191B96E11}.Debug|iPhoneSimulator.ActiveCfg = Debug|iPhoneSimulator
		{2F29F8AE-23F3-40FE-9719-237191B96E11}.Debug|iPhoneSimulator.Build.0 = Debug|iPhoneSimulator
		{2F29F8AE-23F3-40FE-9719-237191B96E11}.Debug|iPhoneSimulator.Deploy.0 = Debug|iPhoneSimulator
		{2F29F8AE-23F3-40FE-9719-237191B96E11}.Debug|x64.ActiveCfg = Debug|iPhone
		{2F29F8AE-23F3-40FE-9719-237191B96E11}.Debug|x64.Build.0 = Debug|iPhone
		{2F29F8AE-23F3-40FE-9719-237191B96E11}.Debug|x64.Deploy.0 = Debug|iPhone
		{2F29F8AE-23F3-40FE-9719-237191B96E11}.Debug|x86.ActiveCfg = Debug|iPhone
		{2F29F8AE-23F3-40FE-9719-237191B96E11}.Debug|x86.Build.0 = Debug|iPhone
		{2F29F8AE-23F3-40FE-9719-237191B96E11}.Debug|x86.Deploy.0 = Debug|iPhone
		{2F29F8AE-23F3-40FE-9719-237191B96E11}.Release|Any CPU.ActiveCfg = Release|iPhone
		{2F29F8AE-23F3-40FE-9719-237191B96E11}.Release|Any CPU.Build.0 = Release|iPhone
		{2F29F8AE-23F3-40FE-9719-237191B96E11}.Release|Any CPU.Deploy.0 = Release|iPhone
		{2F29F8AE-23F3-40FE-9719-237191B96E11}.Release|ARM.ActiveCfg = Release|iPhone
		{2F29F8AE-23F3-40FE-9719-237191B96E11}.Release|ARM.Build.0 = Release|iPhone
		{2F29F8AE-23F3-40FE-9719-237191B96E11}.Release|ARM.Deploy.0 = Release|iPhone
		{2F29F8AE-23F3-40FE-9719-237191B96E11}.Release|iPhone.ActiveCfg = Release|iPhone
		{2F29F8AE-23F3-40FE-9719-237191B96E11}.Release|iPhone.Build.0 = Release|iPhone
		{2F29F8AE-23F3-40FE-9719-237191B96E11}.Release|iPhone.Deploy.0 = Release|iPhone
		{2F29F8AE-23F3-40FE-9719-237191B96E11}.Release|iPhoneSimulator.ActiveCfg = Release|iPhoneSimulator
		{2F29F8AE-23F3-40FE-9719-237191B96E11}.Release|iPhoneSimulator.Build.0 = Release|iPhoneSimulator
		{2F29F8AE-23F3-40FE-9719-237191B96E11}.Release|iPhoneSimulator.Deploy.0 = Release|iPhoneSimulator
		{2F29F8AE-23F3-40FE-9719-237191B96E11}.Release|x64.ActiveCfg = Release|iPhone
		{2F29F8AE-23F3-40FE-9719-237191B96E11}.Release|x64.Build.0 = Release|iPhone
		{2F29F8AE-23F3-40FE-9719-237191B96E11}.Release|x64.Deploy.0 = Release|iPhone
		{2F29F8AE-23F3-40FE-9719-237191B96E11}.Release|x86.ActiveCfg = Release|iPhone
		{2F29F8AE-23F3-40FE-9719-237191B96E11}.Release|x86.Build.0 = Release|iPhone
		{2F29F8AE-23F3-40FE-9719-237191B96E11}.Release|x86.Deploy.0 = Release|iPhone
		{0240AEFA-4D6C-479E-BE7A-30F3853CA395}.Debug|Any CPU.ActiveCfg = Debug|Any CPU
		{0240AEFA-4D6C-479E-BE7A-30F3853CA395}.Debug|Any CPU.Build.0 = Debug|Any CPU
		{0240AEFA-4D6C-479E-BE7A-30F3853CA395}.Debug|Any CPU.Deploy.0 = Debug|Any CPU
		{0240AEFA-4D6C-479E-BE7A-30F3853CA395}.Debug|ARM.ActiveCfg = Debug|Any CPU
		{0240AEFA-4D6C-479E-BE7A-30F3853CA395}.Debug|ARM.Build.0 = Debug|Any CPU
		{0240AEFA-4D6C-479E-BE7A-30F3853CA395}.Debug|ARM.Deploy.0 = Debug|Any CPU
		{0240AEFA-4D6C-479E-BE7A-30F3853CA395}.Debug|iPhone.ActiveCfg = Debug|Any CPU
		{0240AEFA-4D6C-479E-BE7A-30F3853CA395}.Debug|iPhone.Build.0 = Debug|Any CPU
		{0240AEFA-4D6C-479E-BE7A-30F3853CA395}.Debug|iPhone.Deploy.0 = Debug|Any CPU
		{0240AEFA-4D6C-479E-BE7A-30F3853CA395}.Debug|iPhoneSimulator.ActiveCfg = Debug|Any CPU
		{0240AEFA-4D6C-479E-BE7A-30F3853CA395}.Debug|iPhoneSimulator.Build.0 = Debug|Any CPU
		{0240AEFA-4D6C-479E-BE7A-30F3853CA395}.Debug|iPhoneSimulator.Deploy.0 = Debug|Any CPU
		{0240AEFA-4D6C-479E-BE7A-30F3853CA395}.Debug|x64.ActiveCfg = Debug|Any CPU
		{0240AEFA-4D6C-479E-BE7A-30F3853CA395}.Debug|x64.Build.0 = Debug|Any CPU
		{0240AEFA-4D6C-479E-BE7A-30F3853CA395}.Debug|x64.Deploy.0 = Debug|Any CPU
		{0240AEFA-4D6C-479E-BE7A-30F3853CA395}.Debug|x86.ActiveCfg = Debug|Any CPU
		{0240AEFA-4D6C-479E-BE7A-30F3853CA395}.Debug|x86.Build.0 = Debug|Any CPU
		{0240AEFA-4D6C-479E-BE7A-30F3853CA395}.Debug|x86.Deploy.0 = Debug|Any CPU
		{0240AEFA-4D6C-479E-BE7A-30F3853CA395}.Release|Any CPU.ActiveCfg = Release|Any CPU
		{0240AEFA-4D6C-479E-BE7A-30F3853CA395}.Release|Any CPU.Build.0 = Release|Any CPU
		{0240AEFA-4D6C-479E-BE7A-30F3853CA395}.Release|Any CPU.Deploy.0 = Release|Any CPU
		{0240AEFA-4D6C-479E-BE7A-30F3853CA395}.Release|ARM.ActiveCfg = Release|Any CPU
		{0240AEFA-4D6C-479E-BE7A-30F3853CA395}.Release|ARM.Build.0 = Release|Any CPU
		{0240AEFA-4D6C-479E-BE7A-30F3853CA395}.Release|ARM.Deploy.0 = Release|Any CPU
		{0240AEFA-4D6C-479E-BE7A-30F3853CA395}.Release|iPhone.ActiveCfg = Release|Any CPU
		{0240AEFA-4D6C-479E-BE7A-30F3853CA395}.Release|iPhone.Build.0 = Release|Any CPU
		{0240AEFA-4D6C-479E-BE7A-30F3853CA395}.Release|iPhone.Deploy.0 = Release|Any CPU
		{0240AEFA-4D6C-479E-BE7A-30F3853CA395}.Release|iPhoneSimulator.ActiveCfg = Release|Any CPU
		{0240AEFA-4D6C-479E-BE7A-30F3853CA395}.Release|iPhoneSimulator.Build.0 = Release|Any CPU
		{0240AEFA-4D6C-479E-BE7A-30F3853CA395}.Release|iPhoneSimulator.Deploy.0 = Release|Any CPU
		{0240AEFA-4D6C-479E-BE7A-30F3853CA395}.Release|x64.ActiveCfg = Release|Any CPU
		{0240AEFA-4D6C-479E-BE7A-30F3853CA395}.Release|x64.Build.0 = Release|Any CPU
		{0240AEFA-4D6C-479E-BE7A-30F3853CA395}.Release|x64.Deploy.0 = Release|Any CPU
		{0240AEFA-4D6C-479E-BE7A-30F3853CA395}.Release|x86.ActiveCfg = Release|Any CPU
		{0240AEFA-4D6C-479E-BE7A-30F3853CA395}.Release|x86.Build.0 = Release|Any CPU
		{0240AEFA-4D6C-479E-BE7A-30F3853CA395}.Release|x86.Deploy.0 = Release|Any CPU
	EndGlobalSection
	GlobalSection(SolutionProperties) = preSolution
		HideSolutionNode = FALSE
	EndGlobalSection
	GlobalSection(ExtensibilityGlobals) = postSolution
		SolutionGuid = {FA68B738-577D-492C-B513-2A49C5F68C44}
	EndGlobalSection
EndGlobal
